
Microsoft Visual Studio Solution File, Format Version 12.00
# Visual Studio Version 17
VisualStudioVersion = 17.0.32014.148
MinimumVisualStudioVersion = 10.0.40219.1
Project("{2150E333-8FDC-42A3-9474-1A3956D46DE8}") = "Button", "Button", "{D7BFE95F-B28E-4550-BCE9-8638A383653A}"
EndProject
Project("{2150E333-8FDC-42A3-9474-1A3956D46DE8}") = "Sample", "Sample", "{0903678C-0566-4FE4-AE85-5F4A1CE841EC}"
EndProject
Project("{9A19103F-16F7-4668-BE54-9A1E7A4F7556}") = "Button", "Button\Driver\Button.csproj", "{2F073B2F-9CAF-4471-B1E4-4FF3840EC529}"
EndProject
Project("{9A19103F-16F7-4668-BE54-9A1E7A4F7556}") = "Button_Sample", "Button\Sample\Button_Sample\Button_Sample.csproj", "{3133A8C8-9156-4DCC-B0A1-0A8F2211ACEA}"
EndProject
Project("{2150E333-8FDC-42A3-9474-1A3956D46DE8}") = "Touch", "Touch", "{A4EF6371-F3A4-447B-B1C3-E963AA74E123}"
EndProject
Project("{2150E333-8FDC-42A3-9474-1A3956D46DE8}") = "Sample", "Sample", "{F0E68FCF-A871-4F69-B6B1-AFB9E7236A85}"
EndProject
Project("{9A19103F-16F7-4668-BE54-9A1E7A4F7556}") = "Touch", "Touch\Driver\Touch.csproj", "{58A53307-A4B5-405A-A330-4AC7F41AA169}"
EndProject
Project("{9A19103F-16F7-4668-BE54-9A1E7A4F7556}") = "Touch_Sample", "Touch\Sample\Touch_Sample\Touch_Sample.csproj", "{3A1FDDDC-0084-4F47-B0FF-B137601DE0B2}"
EndProject
Project("{2150E333-8FDC-42A3-9474-1A3956D46DE8}") = "4-DigitDisplay", "4-DigitDisplay", "{8B360807-A285-4879-AF7B-9B5C510ED739}"
EndProject
Project("{9A19103F-16F7-4668-BE54-9A1E7A4F7556}") = "4DigitDisplay", "4-DigitDisplay\Driver\4DigitDisplay.csproj", "{9D5DFC98-B05A-4583-99D7-B4ED46FE0312}"
EndProject
Project("{2150E333-8FDC-42A3-9474-1A3956D46DE8}") = "Sample", "Sample", "{73423442-14DB-479B-9EEE-6EE4F31235E6}"
EndProject
Project("{9A19103F-16F7-4668-BE54-9A1E7A4F7556}") = "4DigitDisplay_Sample", "4-DigitDisplay\Sample\4DigitDisplay_Sample\4DigitDisplay_Sample.csproj", "{99DA7132-5410-47DA-A69E-194D278EBC4A}"
EndProject
Project("{2150E333-8FDC-42A3-9474-1A3956D46DE8}") = "LEDSocket", "LEDSocket", "{01CC2E3E-0098-439D-A29B-2304612E400D}"
EndProject
Project("{9A19103F-16F7-4668-BE54-9A1E7A4F7556}") = "LEDSocket", "LEDSocket\Driver\LEDSocket.csproj", "{EE9307C5-1BD0-4902-B4F4-6D7D6DB06F75}"
EndProject
Project("{2150E333-8FDC-42A3-9474-1A3956D46DE8}") = "Sample", "Sample", "{9912D22E-F0F0-43C5-A66B-D183263DFD33}"
EndProject
Project("{9A19103F-16F7-4668-BE54-9A1E7A4F7556}") = "LEDSocket_Sample", "LEDSocket\Sample\LEDSocket_Sample\LEDSocket_Sample.csproj", "{197A841A-F82E-4A00-AFA7-74A23DD59456}"
EndProject
Project("{2150E333-8FDC-42A3-9474-1A3956D46DE8}") = "3-AxisDigitalCompass", "3-AxisDigitalCompass", "{43D20CD2-F716-4408-B2D8-CAA137DBE746}"
EndProject
Project("{2150E333-8FDC-42A3-9474-1A3956D46DE8}") = "Sample", "Sample", "{941E6E43-6251-4EC5-BFDD-957D401BF1D0}"
EndProject
Project("{2150E333-8FDC-42A3-9474-1A3956D46DE8}") = "3-AxisDigitalAccelerometer1_5g", "3-AxisDigitalAccelerometer1_5g", "{FEE56BD7-5282-48AB-BEEC-17F88F7117AD}"
EndProject
Project("{2150E333-8FDC-42A3-9474-1A3956D46DE8}") = "3-AxisDigitalAccelerometer16g", "3-AxisDigitalAccelerometer16g", "{4255C910-C82B-45D4-A052-13ECF741849B}"
EndProject
Project("{2150E333-8FDC-42A3-9474-1A3956D46DE8}") = "Sample", "Sample", "{BB04808E-1238-4C19-BE3F-80E37A0E7A0F}"
EndProject
Project("{2150E333-8FDC-42A3-9474-1A3956D46DE8}") = "Sample", "Sample", "{1CA2490F-2D87-4E3B-8104-263E774FD652}"
EndProject
Project("{9A19103F-16F7-4668-BE54-9A1E7A4F7556}") = "3AxisDigitalAccelerometer1_5g", "3-AxisDigitalAccelerometer_1_5g\Driver\3AxisDigitalAccelerometer1_5g.csproj", "{5EBFB78E-6A68-4B67-B724-A75846B86352}"
EndProject
Project("{9A19103F-16F7-4668-BE54-9A1E7A4F7556}") = "3AxisDigitalAccelerometer1_5g_Sample", "3-AxisDigitalAccelerometer_1_5g\Sample\3AxisDigitalAccelerometer1_5g_Sample\3AxisDigitalAccelerometer1_5g_Sample.csproj", "{B2F091D8-DDC9-4E7C-91B2-680B57B61EBA}"
EndProject
Project("{9A19103F-16F7-4668-BE54-9A1E7A4F7556}") = "3-AxisDigitalAccelerometer_16g", "3-AxisDigitalAccelerometer_16g\Driver\3-AxisDigitalAccelerometer_16g.csproj", "{A52B793D-A739-49B8-BA00-38A43CC2B342}"
EndProject
Project("{9A19103F-16F7-4668-BE54-9A1E7A4F7556}") = "3-AxisDigitalAccelerometer_16g_Sample", "3-AxisDigitalAccelerometer_16g\Sample\3-AxisDigitalAccelerometer_16g_Sample\3-AxisDigitalAccelerometer_16g_Sample.csproj", "{7C4423A4-1D06-43CA-9169-3679F691E996}"
EndProject
Project("{9A19103F-16F7-4668-BE54-9A1E7A4F7556}") = "3AxisDigitalCompass", "3-AxisDigitalCompass\Driver\3AxisDigitalCompass.csproj", "{ED914412-9EC8-442F-9A4E-985259FA8BA0}"
EndProject
Project("{9A19103F-16F7-4668-BE54-9A1E7A4F7556}") = "3AxisDigitalCompass_Sample", "3-AxisDigitalCompass\Sample\3AxisDigitalCompass_Sample\3AxisDigitalCompass_Sample.csproj", "{555A4478-7024-4C65-A5F5-788440C779DA}"
EndProject
Project("{2150E333-8FDC-42A3-9474-1A3956D46DE8}") = "_External", "_External", "{D1D4B655-966C-43E9-9F4D-FF728865AB65}"
EndProject
Project("{9A19103F-16F7-4668-BE54-9A1E7A4F7556}") = "Sensors.Motion.Hmc5883", "..\..\..\meadow.foundation\Source\Meadow.Foundation.Peripherals\Sensors.Motion.Hmc5883\Driver\Sensors.Motion.Hmc5883\Sensors.Motion.Hmc5883.csproj", "{0F5D486D-3071-4F58-993F-C7A4AA9FE263}"
EndProject
Project("{9A19103F-16F7-4668-BE54-9A1E7A4F7556}") = "Sensors.Motion.Mma7660fc", "..\..\..\meadow.foundation\Source\Meadow.Foundation.Peripherals\Sensors.Motion.Mma7660fc\Driver\Sensors.Motion.Mma7660fc\Sensors.Motion.Mma7660fc.csproj", "{AAFAF07D-7DED-40BB-8501-D67D3B345CF0}"
EndProject
Project("{FAE04EC0-301F-11D3-BF4B-00C04F79EFBC}") = "Meadow.Foundation.Core", "..\..\..\Meadow.Foundation\Source\Meadow.Foundation.Core\Meadow.Foundation.Core.csproj", "{D276517F-BE61-4B84-9313-C9A76C98C8EB}"
EndProject
Project("{FAE04EC0-301F-11D3-BF4B-00C04F79EFBC}") = "Meadow.F7", "..\..\..\Meadow.Core\source\Meadow.F7\Meadow.F7.csproj", "{1777CE92-9B3A-4217-868C-7C1CF918AB97}"
EndProject
Project("{FAE04EC0-301F-11D3-BF4B-00C04F79EFBC}") = "Meadow.Core", "..\..\..\Meadow.Core\source\Meadow.Core\Meadow.Core.csproj", "{750C38EB-3410-4A74-8174-00E9D3C5EB6D}"
EndProject
Project("{FAE04EC0-301F-11D3-BF4B-00C04F79EFBC}") = "Meadow.Units", "..\..\..\Meadow.Units\Source\Meadow.Units\Meadow.Units.csproj", "{21F7FD8C-E6C9-494F-851F-7BEC1059AA22}"
EndProject
Project("{FAE04EC0-301F-11D3-BF4B-00C04F79EFBC}") = "Meadow.Contracts", "..\..\..\Meadow.Contracts\Source\Meadow.Contracts\Meadow.Contracts.csproj", "{8391D204-E492-4A92-9551-C0BAD4F58834}"
EndProject
Global
	GlobalSection(SolutionConfigurationPlatforms) = preSolution
		Debug|Any CPU = Debug|Any CPU
		Release|Any CPU = Release|Any CPU
	EndGlobalSection
	GlobalSection(ProjectConfigurationPlatforms) = postSolution
		{2F073B2F-9CAF-4471-B1E4-4FF3840EC529}.Debug|Any CPU.ActiveCfg = Debug|Any CPU
		{2F073B2F-9CAF-4471-B1E4-4FF3840EC529}.Debug|Any CPU.Build.0 = Debug|Any CPU
		{2F073B2F-9CAF-4471-B1E4-4FF3840EC529}.Debug|Any CPU.Deploy.0 = Debug|Any CPU
		{2F073B2F-9CAF-4471-B1E4-4FF3840EC529}.Release|Any CPU.ActiveCfg = Release|Any CPU
		{2F073B2F-9CAF-4471-B1E4-4FF3840EC529}.Release|Any CPU.Build.0 = Release|Any CPU
		{2F073B2F-9CAF-4471-B1E4-4FF3840EC529}.Release|Any CPU.Deploy.0 = Release|Any CPU
		{3133A8C8-9156-4DCC-B0A1-0A8F2211ACEA}.Debug|Any CPU.ActiveCfg = Debug|Any CPU
		{3133A8C8-9156-4DCC-B0A1-0A8F2211ACEA}.Debug|Any CPU.Build.0 = Debug|Any CPU
		{3133A8C8-9156-4DCC-B0A1-0A8F2211ACEA}.Debug|Any CPU.Deploy.0 = Debug|Any CPU
		{3133A8C8-9156-4DCC-B0A1-0A8F2211ACEA}.Release|Any CPU.ActiveCfg = Release|Any CPU
		{3133A8C8-9156-4DCC-B0A1-0A8F2211ACEA}.Release|Any CPU.Build.0 = Release|Any CPU
		{3133A8C8-9156-4DCC-B0A1-0A8F2211ACEA}.Release|Any CPU.Deploy.0 = Release|Any CPU
		{58A53307-A4B5-405A-A330-4AC7F41AA169}.Debug|Any CPU.ActiveCfg = Debug|Any CPU
		{58A53307-A4B5-405A-A330-4AC7F41AA169}.Debug|Any CPU.Build.0 = Debug|Any CPU
		{58A53307-A4B5-405A-A330-4AC7F41AA169}.Debug|Any CPU.Deploy.0 = Debug|Any CPU
		{58A53307-A4B5-405A-A330-4AC7F41AA169}.Release|Any CPU.ActiveCfg = Release|Any CPU
		{58A53307-A4B5-405A-A330-4AC7F41AA169}.Release|Any CPU.Build.0 = Release|Any CPU
		{58A53307-A4B5-405A-A330-4AC7F41AA169}.Release|Any CPU.Deploy.0 = Release|Any CPU
		{3A1FDDDC-0084-4F47-B0FF-B137601DE0B2}.Debug|Any CPU.ActiveCfg = Debug|Any CPU
		{3A1FDDDC-0084-4F47-B0FF-B137601DE0B2}.Debug|Any CPU.Build.0 = Debug|Any CPU
		{3A1FDDDC-0084-4F47-B0FF-B137601DE0B2}.Debug|Any CPU.Deploy.0 = Debug|Any CPU
		{3A1FDDDC-0084-4F47-B0FF-B137601DE0B2}.Release|Any CPU.ActiveCfg = Release|Any CPU
		{3A1FDDDC-0084-4F47-B0FF-B137601DE0B2}.Release|Any CPU.Build.0 = Release|Any CPU
		{3A1FDDDC-0084-4F47-B0FF-B137601DE0B2}.Release|Any CPU.Deploy.0 = Release|Any CPU
		{9D5DFC98-B05A-4583-99D7-B4ED46FE0312}.Debug|Any CPU.ActiveCfg = Debug|Any CPU
		{9D5DFC98-B05A-4583-99D7-B4ED46FE0312}.Debug|Any CPU.Build.0 = Debug|Any CPU
		{9D5DFC98-B05A-4583-99D7-B4ED46FE0312}.Debug|Any CPU.Deploy.0 = Debug|Any CPU
		{9D5DFC98-B05A-4583-99D7-B4ED46FE0312}.Release|Any CPU.ActiveCfg = Release|Any CPU
		{9D5DFC98-B05A-4583-99D7-B4ED46FE0312}.Release|Any CPU.Build.0 = Release|Any CPU
		{9D5DFC98-B05A-4583-99D7-B4ED46FE0312}.Release|Any CPU.Deploy.0 = Release|Any CPU
		{99DA7132-5410-47DA-A69E-194D278EBC4A}.Debug|Any CPU.ActiveCfg = Debug|Any CPU
		{99DA7132-5410-47DA-A69E-194D278EBC4A}.Debug|Any CPU.Build.0 = Debug|Any CPU
		{99DA7132-5410-47DA-A69E-194D278EBC4A}.Debug|Any CPU.Deploy.0 = Debug|Any CPU
		{99DA7132-5410-47DA-A69E-194D278EBC4A}.Release|Any CPU.ActiveCfg = Release|Any CPU
		{99DA7132-5410-47DA-A69E-194D278EBC4A}.Release|Any CPU.Build.0 = Release|Any CPU
		{99DA7132-5410-47DA-A69E-194D278EBC4A}.Release|Any CPU.Deploy.0 = Release|Any CPU
		{EE9307C5-1BD0-4902-B4F4-6D7D6DB06F75}.Debug|Any CPU.ActiveCfg = Debug|Any CPU
		{EE9307C5-1BD0-4902-B4F4-6D7D6DB06F75}.Debug|Any CPU.Build.0 = Debug|Any CPU
		{EE9307C5-1BD0-4902-B4F4-6D7D6DB06F75}.Debug|Any CPU.Deploy.0 = Debug|Any CPU
		{EE9307C5-1BD0-4902-B4F4-6D7D6DB06F75}.Release|Any CPU.ActiveCfg = Release|Any CPU
		{EE9307C5-1BD0-4902-B4F4-6D7D6DB06F75}.Release|Any CPU.Build.0 = Release|Any CPU
		{EE9307C5-1BD0-4902-B4F4-6D7D6DB06F75}.Release|Any CPU.Deploy.0 = Release|Any CPU
		{197A841A-F82E-4A00-AFA7-74A23DD59456}.Debug|Any CPU.ActiveCfg = Debug|Any CPU
		{197A841A-F82E-4A00-AFA7-74A23DD59456}.Debug|Any CPU.Build.0 = Debug|Any CPU
		{197A841A-F82E-4A00-AFA7-74A23DD59456}.Debug|Any CPU.Deploy.0 = Debug|Any CPU
		{197A841A-F82E-4A00-AFA7-74A23DD59456}.Release|Any CPU.ActiveCfg = Release|Any CPU
		{197A841A-F82E-4A00-AFA7-74A23DD59456}.Release|Any CPU.Build.0 = Release|Any CPU
		{197A841A-F82E-4A00-AFA7-74A23DD59456}.Release|Any CPU.Deploy.0 = Release|Any CPU
		{5EBFB78E-6A68-4B67-B724-A75846B86352}.Debug|Any CPU.ActiveCfg = Debug|Any CPU
		{5EBFB78E-6A68-4B67-B724-A75846B86352}.Debug|Any CPU.Build.0 = Debug|Any CPU
		{5EBFB78E-6A68-4B67-B724-A75846B86352}.Debug|Any CPU.Deploy.0 = Debug|Any CPU
		{5EBFB78E-6A68-4B67-B724-A75846B86352}.Release|Any CPU.ActiveCfg = Release|Any CPU
		{5EBFB78E-6A68-4B67-B724-A75846B86352}.Release|Any CPU.Build.0 = Release|Any CPU
		{5EBFB78E-6A68-4B67-B724-A75846B86352}.Release|Any CPU.Deploy.0 = Release|Any CPU
		{B2F091D8-DDC9-4E7C-91B2-680B57B61EBA}.Debug|Any CPU.ActiveCfg = Debug|Any CPU
		{B2F091D8-DDC9-4E7C-91B2-680B57B61EBA}.Debug|Any CPU.Build.0 = Debug|Any CPU
		{B2F091D8-DDC9-4E7C-91B2-680B57B61EBA}.Debug|Any CPU.Deploy.0 = Debug|Any CPU
		{B2F091D8-DDC9-4E7C-91B2-680B57B61EBA}.Release|Any CPU.ActiveCfg = Release|Any CPU
		{B2F091D8-DDC9-4E7C-91B2-680B57B61EBA}.Release|Any CPU.Build.0 = Release|Any CPU
		{B2F091D8-DDC9-4E7C-91B2-680B57B61EBA}.Release|Any CPU.Deploy.0 = Release|Any CPU
		{A52B793D-A739-49B8-BA00-38A43CC2B342}.Debug|Any CPU.ActiveCfg = Debug|Any CPU
		{A52B793D-A739-49B8-BA00-38A43CC2B342}.Debug|Any CPU.Build.0 = Debug|Any CPU
		{A52B793D-A739-49B8-BA00-38A43CC2B342}.Debug|Any CPU.Deploy.0 = Debug|Any CPU
		{A52B793D-A739-49B8-BA00-38A43CC2B342}.Release|Any CPU.ActiveCfg = Release|Any CPU
		{A52B793D-A739-49B8-BA00-38A43CC2B342}.Release|Any CPU.Build.0 = Release|Any CPU
		{A52B793D-A739-49B8-BA00-38A43CC2B342}.Release|Any CPU.Deploy.0 = Release|Any CPU
		{7C4423A4-1D06-43CA-9169-3679F691E996}.Debug|Any CPU.ActiveCfg = Debug|Any CPU
		{7C4423A4-1D06-43CA-9169-3679F691E996}.Debug|Any CPU.Build.0 = Debug|Any CPU
		{7C4423A4-1D06-43CA-9169-3679F691E996}.Debug|Any CPU.Deploy.0 = Debug|Any CPU
		{7C4423A4-1D06-43CA-9169-3679F691E996}.Release|Any CPU.ActiveCfg = Release|Any CPU
		{7C4423A4-1D06-43CA-9169-3679F691E996}.Release|Any CPU.Build.0 = Release|Any CPU
		{7C4423A4-1D06-43CA-9169-3679F691E996}.Release|Any CPU.Deploy.0 = Release|Any CPU
		{ED914412-9EC8-442F-9A4E-985259FA8BA0}.Debug|Any CPU.ActiveCfg = Debug|Any CPU
		{ED914412-9EC8-442F-9A4E-985259FA8BA0}.Debug|Any CPU.Build.0 = Debug|Any CPU
		{ED914412-9EC8-442F-9A4E-985259FA8BA0}.Debug|Any CPU.Deploy.0 = Debug|Any CPU
		{ED914412-9EC8-442F-9A4E-985259FA8BA0}.Release|Any CPU.ActiveCfg = Release|Any CPU
		{ED914412-9EC8-442F-9A4E-985259FA8BA0}.Release|Any CPU.Build.0 = Release|Any CPU
		{ED914412-9EC8-442F-9A4E-985259FA8BA0}.Release|Any CPU.Deploy.0 = Release|Any CPU
		{555A4478-7024-4C65-A5F5-788440C779DA}.Debug|Any CPU.ActiveCfg = Debug|Any CPU
		{555A4478-7024-4C65-A5F5-788440C779DA}.Debug|Any CPU.Build.0 = Debug|Any CPU
		{555A4478-7024-4C65-A5F5-788440C779DA}.Debug|Any CPU.Deploy.0 = Debug|Any CPU
		{555A4478-7024-4C65-A5F5-788440C779DA}.Release|Any CPU.ActiveCfg = Release|Any CPU
		{555A4478-7024-4C65-A5F5-788440C779DA}.Release|Any CPU.Build.0 = Release|Any CPU
		{555A4478-7024-4C65-A5F5-788440C779DA}.Release|Any CPU.Deploy.0 = Release|Any CPU
		{0F5D486D-3071-4F58-993F-C7A4AA9FE263}.Debug|Any CPU.ActiveCfg = Debug|Any CPU
		{0F5D486D-3071-4F58-993F-C7A4AA9FE263}.Debug|Any CPU.Build.0 = Debug|Any CPU
		{0F5D486D-3071-4F58-993F-C7A4AA9FE263}.Debug|Any CPU.Deploy.0 = Debug|Any CPU
		{0F5D486D-3071-4F58-993F-C7A4AA9FE263}.Release|Any CPU.ActiveCfg = Release|Any CPU
		{0F5D486D-3071-4F58-993F-C7A4AA9FE263}.Release|Any CPU.Build.0 = Release|Any CPU
		{0F5D486D-3071-4F58-993F-C7A4AA9FE263}.Release|Any CPU.Deploy.0 = Release|Any CPU
		{AAFAF07D-7DED-40BB-8501-D67D3B345CF0}.Debug|Any CPU.ActiveCfg = Debug|Any CPU
		{AAFAF07D-7DED-40BB-8501-D67D3B345CF0}.Debug|Any CPU.Build.0 = Debug|Any CPU
		{AAFAF07D-7DED-40BB-8501-D67D3B345CF0}.Debug|Any CPU.Deploy.0 = Debug|Any CPU
		{AAFAF07D-7DED-40BB-8501-D67D3B345CF0}.Release|Any CPU.ActiveCfg = Release|Any CPU
		{AAFAF07D-7DED-40BB-8501-D67D3B345CF0}.Release|Any CPU.Build.0 = Release|Any CPU
		{AAFAF07D-7DED-40BB-8501-D67D3B345CF0}.Release|Any CPU.Deploy.0 = Release|Any CPU
		{D276517F-BE61-4B84-9313-C9A76C98C8EB}.Debug|Any CPU.ActiveCfg = Debug|Any CPU
		{D276517F-BE61-4B84-9313-C9A76C98C8EB}.Debug|Any CPU.Build.0 = Debug|Any CPU
		{D276517F-BE61-4B84-9313-C9A76C98C8EB}.Release|Any CPU.ActiveCfg = Release|Any CPU
		{D276517F-BE61-4B84-9313-C9A76C98C8EB}.Release|Any CPU.Build.0 = Release|Any CPU
		{1777CE92-9B3A-4217-868C-7C1CF918AB97}.Debug|Any CPU.ActiveCfg = Debug|Any CPU
		{1777CE92-9B3A-4217-868C-7C1CF918AB97}.Debug|Any CPU.Build.0 = Debug|Any CPU
		{1777CE92-9B3A-4217-868C-7C1CF918AB97}.Release|Any CPU.ActiveCfg = Release|Any CPU
		{1777CE92-9B3A-4217-868C-7C1CF918AB97}.Release|Any CPU.Build.0 = Release|Any CPU
		{750C38EB-3410-4A74-8174-00E9D3C5EB6D}.Debug|Any CPU.ActiveCfg = Debug|Any CPU
		{750C38EB-3410-4A74-8174-00E9D3C5EB6D}.Debug|Any CPU.Build.0 = Debug|Any CPU
		{750C38EB-3410-4A74-8174-00E9D3C5EB6D}.Release|Any CPU.ActiveCfg = Release|Any CPU
		{750C38EB-3410-4A74-8174-00E9D3C5EB6D}.Release|Any CPU.Build.0 = Release|Any CPU
		{21F7FD8C-E6C9-494F-851F-7BEC1059AA22}.Debug|Any CPU.ActiveCfg = Debug|Any CPU
		{21F7FD8C-E6C9-494F-851F-7BEC1059AA22}.Debug|Any CPU.Build.0 = Debug|Any CPU
		{21F7FD8C-E6C9-494F-851F-7BEC1059AA22}.Release|Any CPU.ActiveCfg = Release|Any CPU
		{21F7FD8C-E6C9-494F-851F-7BEC1059AA22}.Release|Any CPU.Build.0 = Release|Any CPU
		{8391D204-E492-4A92-9551-C0BAD4F58834}.Debug|Any CPU.ActiveCfg = Debug|Any CPU
		{8391D204-E492-4A92-9551-C0BAD4F58834}.Debug|Any CPU.Build.0 = Debug|Any CPU
		{8391D204-E492-4A92-9551-C0BAD4F58834}.Release|Any CPU.ActiveCfg = Release|Any CPU
		{8391D204-E492-4A92-9551-C0BAD4F58834}.Release|Any CPU.Build.0 = Release|Any CPU
	EndGlobalSection
	GlobalSection(SolutionProperties) = preSolution
		HideSolutionNode = FALSE
	EndGlobalSection
	GlobalSection(NestedProjects) = preSolution
		{0903678C-0566-4FE4-AE85-5F4A1CE841EC} = {D7BFE95F-B28E-4550-BCE9-8638A383653A}
		{2F073B2F-9CAF-4471-B1E4-4FF3840EC529} = {D7BFE95F-B28E-4550-BCE9-8638A383653A}
		{3133A8C8-9156-4DCC-B0A1-0A8F2211ACEA} = {0903678C-0566-4FE4-AE85-5F4A1CE841EC}
		{F0E68FCF-A871-4F69-B6B1-AFB9E7236A85} = {A4EF6371-F3A4-447B-B1C3-E963AA74E123}
		{58A53307-A4B5-405A-A330-4AC7F41AA169} = {A4EF6371-F3A4-447B-B1C3-E963AA74E123}
		{3A1FDDDC-0084-4F47-B0FF-B137601DE0B2} = {F0E68FCF-A871-4F69-B6B1-AFB9E7236A85}
		{9D5DFC98-B05A-4583-99D7-B4ED46FE0312} = {8B360807-A285-4879-AF7B-9B5C510ED739}
		{73423442-14DB-479B-9EEE-6EE4F31235E6} = {8B360807-A285-4879-AF7B-9B5C510ED739}
		{99DA7132-5410-47DA-A69E-194D278EBC4A} = {73423442-14DB-479B-9EEE-6EE4F31235E6}
		{EE9307C5-1BD0-4902-B4F4-6D7D6DB06F75} = {01CC2E3E-0098-439D-A29B-2304612E400D}
		{9912D22E-F0F0-43C5-A66B-D183263DFD33} = {01CC2E3E-0098-439D-A29B-2304612E400D}
		{197A841A-F82E-4A00-AFA7-74A23DD59456} = {9912D22E-F0F0-43C5-A66B-D183263DFD33}
		{941E6E43-6251-4EC5-BFDD-957D401BF1D0} = {43D20CD2-F716-4408-B2D8-CAA137DBE746}
		{BB04808E-1238-4C19-BE3F-80E37A0E7A0F} = {FEE56BD7-5282-48AB-BEEC-17F88F7117AD}
		{1CA2490F-2D87-4E3B-8104-263E774FD652} = {4255C910-C82B-45D4-A052-13ECF741849B}
		{5EBFB78E-6A68-4B67-B724-A75846B86352} = {FEE56BD7-5282-48AB-BEEC-17F88F7117AD}
		{B2F091D8-DDC9-4E7C-91B2-680B57B61EBA} = {BB04808E-1238-4C19-BE3F-80E37A0E7A0F}
		{A52B793D-A739-49B8-BA00-38A43CC2B342} = {4255C910-C82B-45D4-A052-13ECF741849B}
		{7C4423A4-1D06-43CA-9169-3679F691E996} = {1CA2490F-2D87-4E3B-8104-263E774FD652}
		{ED914412-9EC8-442F-9A4E-985259FA8BA0} = {43D20CD2-F716-4408-B2D8-CAA137DBE746}
		{555A4478-7024-4C65-A5F5-788440C779DA} = {941E6E43-6251-4EC5-BFDD-957D401BF1D0}
		{0F5D486D-3071-4F58-993F-C7A4AA9FE263} = {D1D4B655-966C-43E9-9F4D-FF728865AB65}
		{AAFAF07D-7DED-40BB-8501-D67D3B345CF0} = {D1D4B655-966C-43E9-9F4D-FF728865AB65}
		{D276517F-BE61-4B84-9313-C9A76C98C8EB} = {D1D4B655-966C-43E9-9F4D-FF728865AB65}
		{1777CE92-9B3A-4217-868C-7C1CF918AB97} = {D1D4B655-966C-43E9-9F4D-FF728865AB65}
		{750C38EB-3410-4A74-8174-00E9D3C5EB6D} = {D1D4B655-966C-43E9-9F4D-FF728865AB65}
		{21F7FD8C-E6C9-494F-851F-7BEC1059AA22} = {D1D4B655-966C-43E9-9F4D-FF728865AB65}
		{8391D204-E492-4A92-9551-C0BAD4F58834} = {D1D4B655-966C-43E9-9F4D-FF728865AB65}
	EndGlobalSection
	GlobalSection(ExtensibilityGlobals) = postSolution
		SolutionGuid = {803C75D4-CF94-4881-BC4C-7CBE9D272949}
	EndGlobalSection
EndGlobal
