
Microsoft Visual Studio Solution File, Format Version 12.00
# Visual Studio Version 17
VisualStudioVersion = 17.0.32014.148
MinimumVisualStudioVersion = 10.0.40219.1
Project("{2150E333-8FDC-42A3-9474-1A3956D46DE8}") = "Button", "Button", "{D7BFE95F-B28E-4550-BCE9-8638A383653A}"
EndProject
Project("{2150E333-8FDC-42A3-9474-1A3956D46DE8}") = "Sample", "Sample", "{0903678C-0566-4FE4-AE85-5F4A1CE841EC}"
EndProject
Project("{9A19103F-16F7-4668-BE54-9A1E7A4F7556}") = "Button", "Button\Driver\Button.csproj", "{2F073B2F-9CAF-4471-B1E4-4FF3840EC529}"
EndProject
Project("{9A19103F-16F7-4668-BE54-9A1E7A4F7556}") = "Button_Sample", "Button\Sample\Button_Sample\Button_Sample.csproj", "{3133A8C8-9156-4DCC-B0A1-0A8F2211ACEA}"
EndProject
Project("{2150E333-8FDC-42A3-9474-1A3956D46DE8}") = "Touch", "Touch", "{A4EF6371-F3A4-447B-B1C3-E963AA74E123}"
EndProject
Project("{2150E333-8FDC-42A3-9474-1A3956D46DE8}") = "Sample", "Sample", "{F0E68FCF-A871-4F69-B6B1-AFB9E7236A85}"
EndProject
Project("{9A19103F-16F7-4668-BE54-9A1E7A4F7556}") = "Touch", "Touch\Driver\Touch.csproj", "{58A53307-A4B5-405A-A330-4AC7F41AA169}"
EndProject
Project("{9A19103F-16F7-4668-BE54-9A1E7A4F7556}") = "Touch_Sample", "Touch\Sample\Touch_Sample\Touch_Sample.csproj", "{3A1FDDDC-0084-4F47-B0FF-B137601DE0B2}"
EndProject
Project("{2150E333-8FDC-42A3-9474-1A3956D46DE8}") = "4-DigitDisplay", "4-DigitDisplay", "{8B360807-A285-4879-AF7B-9B5C510ED739}"
EndProject
Project("{9A19103F-16F7-4668-BE54-9A1E7A4F7556}") = "4DigitDisplay", "4-DigitDisplay\Driver\4DigitDisplay.csproj", "{9D5DFC98-B05A-4583-99D7-B4ED46FE0312}"
EndProject
Project("{2150E333-8FDC-42A3-9474-1A3956D46DE8}") = "Sample", "Sample", "{73423442-14DB-479B-9EEE-6EE4F31235E6}"
EndProject
Project("{9A19103F-16F7-4668-BE54-9A1E7A4F7556}") = "4DigitDisplay_Sample", "4-DigitDisplay\Sample\4DigitDisplay_Sample\4DigitDisplay_Sample.csproj", "{99DA7132-5410-47DA-A69E-194D278EBC4A}"
EndProject
Project("{2150E333-8FDC-42A3-9474-1A3956D46DE8}") = "LEDSocket", "LEDSocket", "{01CC2E3E-0098-439D-A29B-2304612E400D}"
EndProject
Project("{9A19103F-16F7-4668-BE54-9A1E7A4F7556}") = "LEDSocket", "LEDSocket\Driver\LEDSocket.csproj", "{EE9307C5-1BD0-4902-B4F4-6D7D6DB06F75}"
EndProject
Project("{2150E333-8FDC-42A3-9474-1A3956D46DE8}") = "Sample", "Sample", "{9912D22E-F0F0-43C5-A66B-D183263DFD33}"
EndProject
Project("{9A19103F-16F7-4668-BE54-9A1E7A4F7556}") = "LEDSocket_Sample", "LEDSocket\Sample\LEDSocket_Sample\LEDSocket_Sample.csproj", "{197A841A-F82E-4A00-AFA7-74A23DD59456}"
EndProject
Project("{2150E333-8FDC-42A3-9474-1A3956D46DE8}") = "3-AxisDigitalCompass", "3-AxisDigitalCompass", "{43D20CD2-F716-4408-B2D8-CAA137DBE746}"
EndProject
Project("{2150E333-8FDC-42A3-9474-1A3956D46DE8}") = "Sample", "Sample", "{941E6E43-6251-4EC5-BFDD-957D401BF1D0}"
EndProject
Project("{2150E333-8FDC-42A3-9474-1A3956D46DE8}") = "3-AxisDigitalAccelerometer1_5g", "3-AxisDigitalAccelerometer1_5g", "{FEE56BD7-5282-48AB-BEEC-17F88F7117AD}"
EndProject
Project("{2150E333-8FDC-42A3-9474-1A3956D46DE8}") = "3-AxisDigitalAccelerometer16g", "3-AxisDigitalAccelerometer16g", "{4255C910-C82B-45D4-A052-13ECF741849B}"
EndProject
Project("{2150E333-8FDC-42A3-9474-1A3956D46DE8}") = "Sample", "Sample", "{BB04808E-1238-4C19-BE3F-80E37A0E7A0F}"
EndProject
Project("{2150E333-8FDC-42A3-9474-1A3956D46DE8}") = "Sample", "Sample", "{1CA2490F-2D87-4E3B-8104-263E774FD652}"
EndProject
Project("{9A19103F-16F7-4668-BE54-9A1E7A4F7556}") = "3AxisDigitalAccelerometer1_5g", "3-AxisDigitalAccelerometer_1_5g\Driver\3AxisDigitalAccelerometer1_5g.csproj", "{5EBFB78E-6A68-4B67-B724-A75846B86352}"
EndProject
Project("{9A19103F-16F7-4668-BE54-9A1E7A4F7556}") = "3AxisDigitalAccelerometer1_5g_Sample", "3-AxisDigitalAccelerometer_1_5g\Sample\3AxisDigitalAccelerometer1_5g_Sample\3AxisDigitalAccelerometer1_5g_Sample.csproj", "{B2F091D8-DDC9-4E7C-91B2-680B57B61EBA}"
EndProject
Project("{9A19103F-16F7-4668-BE54-9A1E7A4F7556}") = "3-AxisDigitalAccelerometer_16g", "3-AxisDigitalAccelerometer_16g\Driver\3-AxisDigitalAccelerometer_16g.csproj", "{A52B793D-A739-49B8-BA00-38A43CC2B342}"
EndProject
Project("{9A19103F-16F7-4668-BE54-9A1E7A4F7556}") = "3-AxisDigitalAccelerometer_16g_Sample", "3-AxisDigitalAccelerometer_16g\Sample\3-AxisDigitalAccelerometer_16g_Sample\3-AxisDigitalAccelerometer_16g_Sample.csproj", "{7C4423A4-1D06-43CA-9169-3679F691E996}"
EndProject
Project("{9A19103F-16F7-4668-BE54-9A1E7A4F7556}") = "3AxisDigitalCompass", "3-AxisDigitalCompass\Driver\3AxisDigitalCompass.csproj", "{ED914412-9EC8-442F-9A4E-985259FA8BA0}"
EndProject
Project("{9A19103F-16F7-4668-BE54-9A1E7A4F7556}") = "3AxisDigitalCompass_Sample", "3-AxisDigitalCompass\Sample\3AxisDigitalCompass_Sample\3AxisDigitalCompass_Sample.csproj", "{555A4478-7024-4C65-A5F5-788440C779DA}"
EndProject
Project("{2150E333-8FDC-42A3-9474-1A3956D46DE8}") = "_External", "_External", "{D1D4B655-966C-43E9-9F4D-FF728865AB65}"
EndProject
Project("{9A19103F-16F7-4668-BE54-9A1E7A4F7556}") = "Meadow.Foundation.Core", "..\..\..\Meadow.Foundation\Source\Meadow.Foundation.Core\Meadow.Foundation.Core.csproj", "{D276517F-BE61-4B84-9313-C9A76C98C8EB}"
EndProject
Project("{9A19103F-16F7-4668-BE54-9A1E7A4F7556}") = "Meadow.F7", "..\..\..\Meadow.Core\source\Meadow.F7\Meadow.F7.csproj", "{1777CE92-9B3A-4217-868C-7C1CF918AB97}"
EndProject
Project("{9A19103F-16F7-4668-BE54-9A1E7A4F7556}") = "Meadow.Core", "..\..\..\Meadow.Core\source\Meadow.Core\Meadow.Core.csproj", "{750C38EB-3410-4A74-8174-00E9D3C5EB6D}"
EndProject
Project("{9A19103F-16F7-4668-BE54-9A1E7A4F7556}") = "Meadow.Units", "..\..\..\Meadow.Units\Source\Meadow.Units\Meadow.Units.csproj", "{21F7FD8C-E6C9-494F-851F-7BEC1059AA22}"
EndProject
Project("{9A19103F-16F7-4668-BE54-9A1E7A4F7556}") = "Meadow.Contracts", "..\..\..\Meadow.Contracts\Source\Meadow.Contracts\Meadow.Contracts.csproj", "{8391D204-E492-4A92-9551-C0BAD4F58834}"
EndProject
Project("{2150E333-8FDC-42A3-9474-1A3956D46DE8}") = "Buzzer", "Buzzer", "{A81D96A0-835C-4817-9516-426FA06BDB79}"
EndProject
Project("{2150E333-8FDC-42A3-9474-1A3956D46DE8}") = "Sample", "Sample", "{27671542-AE52-4AAD-B4BA-82CECE2B0407}"
EndProject
Project("{9A19103F-16F7-4668-BE54-9A1E7A4F7556}") = "Buzzer", "Buzzer\Driver\Buzzer.csproj", "{586D0374-7831-474F-B99B-475D36CBC311}"
EndProject
Project("{9A19103F-16F7-4668-BE54-9A1E7A4F7556}") = "Buzzer_Sample", "Buzzer\Sample\Buzzer_Sample\Buzzer_Sample.csproj", "{939CB3B0-1E0E-46E6-87DF-98A48897CEC6}"
EndProject
Project("{2150E333-8FDC-42A3-9474-1A3956D46DE8}") = "RTC", "RTC", "{FF7374D6-ACC6-47D9-A814-02CE93539962}"
EndProject
Project("{2150E333-8FDC-42A3-9474-1A3956D46DE8}") = "Sample", "Sample", "{252C7CA4-9AB7-4EC5-B0A8-5BF0688B759B}"
EndProject
Project("{9A19103F-16F7-4668-BE54-9A1E7A4F7556}") = "RTC", "RTC\Driver\RTC.csproj", "{C94152D6-B0EC-431F-84DB-3816921B6743}"
EndProject
Project("{9A19103F-16F7-4668-BE54-9A1E7A4F7556}") = "RTC_Sample", "RTC\Sample\RTC_Sample\RTC_Sample.csproj", "{AE3CB3A1-933F-4910-BD0F-7B1584F424F4}"
EndProject
Project("{2150E333-8FDC-42A3-9474-1A3956D46DE8}") = "MiniPIRMotionSensor", "MiniPIRMotionSensor", "{357E200C-FFD0-4023-821C-7CD8CDF6D8F0}"
EndProject
Project("{2150E333-8FDC-42A3-9474-1A3956D46DE8}") = "Sample", "Sample", "{118E36B2-EFC1-4D8A-B4E0-457139ED6DA5}"
EndProject
Project("{9A19103F-16F7-4668-BE54-9A1E7A4F7556}") = "MiniPIRMotionSensor", "MiniPIRMotionSensor\Driver\MiniPIRMotionSensor.csproj", "{D7E62429-8162-4E34-8DFD-115CD80F6B83}"
EndProject
Project("{9A19103F-16F7-4668-BE54-9A1E7A4F7556}") = "MiniPIRMotionSensor_Sample", "MiniPIRMotionSensor\Sample\MiniPIRMotionSensor_Sample\MiniPIRMotionSensor_Sample.csproj", "{ADDC2104-BE50-475E-ADE9-4382B2F20348}"
EndProject
Project("{2150E333-8FDC-42A3-9474-1A3956D46DE8}") = "ThumbJoystick", "ThumbJoystick", "{47BA0E73-7520-487E-B55C-E2084851D2F6}"
EndProject
Project("{9A19103F-16F7-4668-BE54-9A1E7A4F7556}") = "ThumbJoystick", "ThumbJoystick\Driver\ThumbJoystick.csproj", "{491E26AA-BDDF-44AD-AAB6-01C597C98B49}"
EndProject
Project("{2150E333-8FDC-42A3-9474-1A3956D46DE8}") = "Sample", "Sample", "{0279C6DF-9B66-406C-AE00-BA9D2AF1E91D}"
EndProject
Project("{9A19103F-16F7-4668-BE54-9A1E7A4F7556}") = "ThumbJoystick_Sample", "ThumbJoystick\Sample\ThumbJoystick_Sample\ThumbJoystick_Sample.csproj", "{7691CAC5-7028-41B1-BB2E-58B0B90F0F76}"
EndProject
Project("{2150E333-8FDC-42A3-9474-1A3956D46DE8}") = "Speaker", "Speaker", "{CB64D1DC-70D8-4FCF-A1AA-8C2DE7C38B4E}"
EndProject
Project("{9A19103F-16F7-4668-BE54-9A1E7A4F7556}") = "Speaker", "Speaker\Driver\Speaker.csproj", "{EE157154-245D-440F-A3E1-F32AB1871DF7}"
EndProject
Project("{2150E333-8FDC-42A3-9474-1A3956D46DE8}") = "Sample", "Sample", "{6F61E52F-45D2-43DE-ACA8-3BDBCC9CAF0E}"
EndProject
Project("{9A19103F-16F7-4668-BE54-9A1E7A4F7556}") = "Speaker_Sample", "Speaker\Sample\Speaker_Sample\Speaker_Sample.csproj", "{CDA2D6D7-0322-4438-8B07-8B9270B83A01}"
EndProject
Project("{2150E333-8FDC-42A3-9474-1A3956D46DE8}") = "WaterSensor", "WaterSensor", "{48722230-7E0A-42C2-B34D-7A4BF2B5FAB3}"
EndProject
Project("{2150E333-8FDC-42A3-9474-1A3956D46DE8}") = "Sample", "Sample", "{6B564B69-F12A-4440-A97D-45DA184BCC2F}"
EndProject
Project("{9A19103F-16F7-4668-BE54-9A1E7A4F7556}") = "WaterSensor", "WaterSensor\Driver\WaterSensor.csproj", "{E3158A6C-B473-415D-85FF-C0AC76FA229A}"
EndProject
Project("{9A19103F-16F7-4668-BE54-9A1E7A4F7556}") = "WaterSensor_Sample", "WaterSensor\Sample\WaterSensor_Sample\WaterSensor_Sample.csproj", "{CBFF21F1-7C89-46A1-A8B6-D43BCAD9E0FC}"
EndProject
Project("{2150E333-8FDC-42A3-9474-1A3956D46DE8}") = "LEDButton", "LEDButton", "{2D9063BD-3AA3-4E84-8672-FFEE10D536F4}"
EndProject
Project("{9A19103F-16F7-4668-BE54-9A1E7A4F7556}") = "LEDButton", "LEDButton\Driver\LEDButton.csproj", "{5D96E26A-696A-4584-AB9B-D1B7DF7C06AE}"
EndProject
Project("{2150E333-8FDC-42A3-9474-1A3956D46DE8}") = "Sample", "Sample", "{B565D449-1DBC-4C95-9D62-DB9D7300F792}"
EndProject
Project("{9A19103F-16F7-4668-BE54-9A1E7A4F7556}") = "LEDButton_Sample", "LEDButton\Sample\LEDButton_Sample\LEDButton_Sample.csproj", "{AF0E3E5A-96C8-410A-AEBA-216775301B88}"
EndProject
Project("{2150E333-8FDC-42A3-9474-1A3956D46DE8}") = "PIRMotionSensor", "PIRMotionSensor", "{2BFA2402-5AED-416D-A575-C31418D52903}"
EndProject
Project("{2150E333-8FDC-42A3-9474-1A3956D46DE8}") = "Sample", "Sample", "{E082CDF8-AACA-4B4D-82C9-A3D364F504E7}"
EndProject
Project("{9A19103F-16F7-4668-BE54-9A1E7A4F7556}") = "PIRMotionSensor_Sample", "PIRMotionSensor\Sample\PIRMotionSensor_Sample\PIRMotionSensor_Sample.csproj", "{17656F77-A4FD-4492-AA38-721E47ED0C91}"
EndProject
Project("{9A19103F-16F7-4668-BE54-9A1E7A4F7556}") = "PIRMotionSensor", "PIRMotionSensor\Driver\PIRMotionSensor.csproj", "{3EEBC099-B216-428E-A682-A11735DF5054}"
EndProject
Project("{2150E333-8FDC-42A3-9474-1A3956D46DE8}") = "Switch(P)", "Switch(P)", "{E55A9373-6A33-40FC-B834-542CFBB9C7B0}"
EndProject
Project("{2150E333-8FDC-42A3-9474-1A3956D46DE8}") = "Sample", "Sample", "{2E4AE6FA-3C99-4A36-85FF-943746DB41A5}"
EndProject
Project("{9A19103F-16F7-4668-BE54-9A1E7A4F7556}") = "Switch(P)", "Switch(P)\Driver\Switch(P).csproj", "{8950D452-1AA6-427E-92CF-40F0743A3328}"
EndProject
Project("{9A19103F-16F7-4668-BE54-9A1E7A4F7556}") = "Switch(P)_Sample", "Switch(P)\Sample\Switch(P)_Sample\Switch(P)_Sample.csproj", "{24CDAD4D-CE0C-4831-8E07-C1B395A50428}"
EndProject
Project("{2150E333-8FDC-42A3-9474-1A3956D46DE8}") = "Tilt", "Tilt", "{80E875F2-9F94-4B17-B7A7-AC4AF08C209B}"
EndProject
Project("{2150E333-8FDC-42A3-9474-1A3956D46DE8}") = "Sample", "Sample", "{141617E6-FF2E-446D-A691-C4D9613EE6A8}"
EndProject
Project("{9A19103F-16F7-4668-BE54-9A1E7A4F7556}") = "Tilt", "Tilt\Driver\Tilt.csproj", "{0C5FF65C-D7B2-41D2-A7F0-37D55B2F7318}"
EndProject
Project("{9A19103F-16F7-4668-BE54-9A1E7A4F7556}") = "Tilt_Sample", "Tilt\Sample\Tilt_Sample\Tilt_Sample.csproj", "{9924150A-131F-4EDA-928A-6D926BA9F219}"
EndProject
Project("{2150E333-8FDC-42A3-9474-1A3956D46DE8}") = "TemperatureHumiditySensor_HighAccuracyMini", "TemperatureHumiditySensor_HighAccuracyMini", "{3201AB83-CF33-432C-9770-CA8AF6835BBF}"
EndProject
Project("{2150E333-8FDC-42A3-9474-1A3956D46DE8}") = "Sample", "Sample", "{160011DA-983C-46C9-B1AA-FC9AF51C47D2}"
EndProject
Project("{9A19103F-16F7-4668-BE54-9A1E7A4F7556}") = "TemperatureHumiditySensor_HighAccuracyMini", "TemperatureHumiditySensor_HighAccuracyMini\Driver\TemperatureHumiditySensor_HighAccuracyMini.csproj", "{4B78B725-AAAF-4602-BCF1-4FADDBC7520E}"
EndProject
Project("{9A19103F-16F7-4668-BE54-9A1E7A4F7556}") = "TemperatureHumiditySensor_HighAccuracyMini_Sample", "TemperatureHumiditySensor_HighAccuracyMini\Sample\TemperatureHumiditySensor_HighAccuracyMini_Sample\TemperatureHumiditySensor_HighAccuracyMini_Sample.csproj", "{2BE9B3D7-D00F-4E54-835A-EF79C38B8360}"
EndProject
Project("{9A19103F-16F7-4668-BE54-9A1E7A4F7556}") = "Sensors.Atmospheric.Th02", "..\..\..\meadow.foundation\Source\Meadow.Foundation.Peripherals\Sensors.Atmospheric.Th02\Driver\Sensors.Atmospheric.Th02\Sensors.Atmospheric.Th02.csproj", "{835156B7-BFD8-41EB-AA99-9DF284FE19E8}"
EndProject
Project("{2150E333-8FDC-42A3-9474-1A3956D46DE8}") = "VibrationSensor", "VibrationSensor", "{B394BF1D-D25C-47B8-9412-514215BA5F48}"
EndProject
Project("{2150E333-8FDC-42A3-9474-1A3956D46DE8}") = "Sample", "Sample", "{AE0163A6-C273-468F-B150-8990A8ABB6C1}"
EndProject
Project("{9A19103F-16F7-4668-BE54-9A1E7A4F7556}") = "VibrationSensor", "VibrationSensor\Driver\VibrationSensor.csproj", "{1A2723F2-9663-4146-ACDE-E9AAAD0A737F}"
EndProject
Project("{9A19103F-16F7-4668-BE54-9A1E7A4F7556}") = "VibrationSensor_Sample", "VibrationSensor\Sample\VibrationSensor_Sample\VibrationSensor_Sample.csproj", "{07508636-D888-46DB-8D58-A7DBB6D6E595}"
EndProject
Project("{2150E333-8FDC-42A3-9474-1A3956D46DE8}") = "FlameSensor", "FlameSensor", "{A152FEF1-967C-4AE2-B731-E29B5C355189}"
EndProject
Project("{9A19103F-16F7-4668-BE54-9A1E7A4F7556}") = "FlameSensor", "FlameSensor\Driver\FlameSensor.csproj", "{0FA0302E-F725-49F2-99DF-AE39F50EAAB1}"
EndProject
Project("{2150E333-8FDC-42A3-9474-1A3956D46DE8}") = "Sample", "Sample", "{B6567FE9-0F9C-48F4-8934-817E23AF1B3B}"
EndProject
Project("{9A19103F-16F7-4668-BE54-9A1E7A4F7556}") = "FlameSensor_Sample", "FlameSensor\Sample\FlameSensor_Sample\FlameSensor_Sample.csproj", "{82180FC4-E6C0-41A2-A278-3E1DBA9C41DF}"
EndProject
Project("{2150E333-8FDC-42A3-9474-1A3956D46DE8}") = "MagneticSwitch", "MagneticSwitch", "{1F81FE22-7BDD-463D-8A24-129005AD4F74}"
EndProject
Project("{2150E333-8FDC-42A3-9474-1A3956D46DE8}") = "Sample", "Sample", "{80681C62-C467-46C3-AC5B-C68347C8562B}"
EndProject
Project("{9A19103F-16F7-4668-BE54-9A1E7A4F7556}") = "MagneticSwitch", "MagneticSwitch\Driver\MagneticSwitch.csproj", "{C48A33EB-6993-473D-AF5F-A5CDD8043FC5}"
EndProject
Project("{9A19103F-16F7-4668-BE54-9A1E7A4F7556}") = "MagneticSwitch_Sample", "MagneticSwitch\Sample\MagneticSwitch_Sample\MagneticSwitch_Sample.csproj", "{2D468186-4EA3-4FDD-909E-3F4FE8B76D52}"
EndProject
Project("{2150E333-8FDC-42A3-9474-1A3956D46DE8}") = "MoistureSensor", "MoistureSensor", "{77B7C74F-5269-432A-B9FA-DDD72F996DB5}"
EndProject
Project("{2150E333-8FDC-42A3-9474-1A3956D46DE8}") = "Sample", "Sample", "{85D89416-3BB3-4AF3-982C-9F8ACBE309C3}"
EndProject
Project("{9A19103F-16F7-4668-BE54-9A1E7A4F7556}") = "MoistureSensor", "MoistureSensor\Driver\MoistureSensor.csproj", "{7F6DE089-84B2-4769-BBA1-28D1F7359985}"
EndProject
Project("{9A19103F-16F7-4668-BE54-9A1E7A4F7556}") = "MoistureSensor_Sample", "MoistureSensor\Sample\MoistureSensor_Sample\MoistureSensor_Sample.csproj", "{580D277A-7796-4BC4-8FCC-ECF11FEC3F19}"
EndProject
Project("{9A19103F-16F7-4668-BE54-9A1E7A4F7556}") = "Sensors.Moisture.Capacitive", "..\..\..\Meadow.Foundation\Source\Meadow.Foundation.Peripherals\Sensors.Moisture.Capacitive\Driver\Sensors.Moisture.Capacitive\Sensors.Moisture.Capacitive.csproj", "{ADEC1D1F-458C-41B8-ADC6-E20BE24597EF}"
EndProject
Project("{2150E333-8FDC-42A3-9474-1A3956D46DE8}") = "VibrationMotor", "VibrationMotor", "{D61D8815-2459-49D5-9CFA-FAC0DDAB0A6B}"
EndProject
Project("{2150E333-8FDC-42A3-9474-1A3956D46DE8}") = "Sample", "Sample", "{D88EE102-6A9A-49E8-A5E3-35378E3773B4}"
EndProject
Project("{9A19103F-16F7-4668-BE54-9A1E7A4F7556}") = "VibrationMotor", "VibrationMotor\Driver\VibrationMotor.csproj", "{1E88DA6B-0B7F-47A8-8E8E-EF8B78C77A82}"
EndProject
Project("{9A19103F-16F7-4668-BE54-9A1E7A4F7556}") = "VibrationMotor_Sample", "VibrationMotor\Sample\VibrationMotor_Sample\VibrationMotor_Sample.csproj", "{93ACA849-02C0-4CC4-9969-060561A43464}"
EndProject
Project("{2150E333-8FDC-42A3-9474-1A3956D46DE8}") = "RotaryAngleSensor", "RotaryAngleSensor", "{1CB2B004-136D-4FBB-9BE5-9FC48C464EE5}"
EndProject
Project("{2150E333-8FDC-42A3-9474-1A3956D46DE8}") = "Sample", "Sample", "{9B038085-59B5-4D77-A32A-75895373F802}"
EndProject
Project("{9A19103F-16F7-4668-BE54-9A1E7A4F7556}") = "RotaryAngleSensor", "RotaryAngleSensor\Driver\RotaryAngleSensor.csproj", "{440852AE-A70E-457F-901E-5200465BAC33}"
EndProject
Project("{9A19103F-16F7-4668-BE54-9A1E7A4F7556}") = "RotaryAngleSensor_Sample", "RotaryAngleSensor\Sample\RotaryAngleSensor_Sample\RotaryAngleSensor_Sample.csproj", "{42C783E4-28C4-4FD8-9ED5-AC702C3E3591}"
EndProject
Project("{2150E333-8FDC-42A3-9474-1A3956D46DE8}") = "LightSensor", "LightSensor", "{4F83C76A-A7F9-4739-9817-26D712C04F81}"
EndProject
Project("{2150E333-8FDC-42A3-9474-1A3956D46DE8}") = "Sample", "Sample", "{752D356C-DB73-4A61-806D-ED72793308C9}"
EndProject
Project("{9A19103F-16F7-4668-BE54-9A1E7A4F7556}") = "LightSensor", "LightSensor\Driver\LightSensor.csproj", "{E72866C1-4329-456B-A50D-565EC220607B}"
EndProject
Project("{9A19103F-16F7-4668-BE54-9A1E7A4F7556}") = "LightSensor_Sample", "LightSensor\Sample\LightSensor_Sample\LightSensor_Sample.csproj", "{A70C5CEE-F12F-415D-BC8E-8FF687B6B880}"
EndProject
Project("{2150E333-8FDC-42A3-9474-1A3956D46DE8}") = "TemperatureSensor", "TemperatureSensor", "{7316BFC7-A4F3-4FDB-9B77-1725D5F1F2A2}"
EndProject
Project("{2150E333-8FDC-42A3-9474-1A3956D46DE8}") = "Sample", "Sample", "{64E4A596-8C7B-4ABE-A7E0-0A4EBBE7DACC}"
EndProject
Project("{9A19103F-16F7-4668-BE54-9A1E7A4F7556}") = "TemperatureSensor", "TemperatureSensor\Driver\TemperatureSensor.csproj", "{EE50C44E-7106-468A-85B4-3CD6FD2160F4}"
EndProject
Project("{9A19103F-16F7-4668-BE54-9A1E7A4F7556}") = "TemperatureSensor_Sample", "TemperatureSensor\Sample\TemperatureSensor_Sample\TemperatureSensor_Sample.csproj", "{0BC7F784-FDEE-4B09-933C-ABBF2A44668E}"
EndProject
Project("{2150E333-8FDC-42A3-9474-1A3956D46DE8}") = "SoundSensor", "SoundSensor", "{FFD35A38-C009-43FB-BC50-9DD62C192D58}"
EndProject
Project("{2150E333-8FDC-42A3-9474-1A3956D46DE8}") = "Sample", "Sample", "{8026B030-D7C2-46E9-8E56-476065393E79}"
EndProject
Project("{9A19103F-16F7-4668-BE54-9A1E7A4F7556}") = "SoundSensor", "SoundSensor\Driver\SoundSensor.csproj", "{28C72DDC-4A9F-4FE0-93DC-AE37A7A1858B}"
EndProject
Project("{9A19103F-16F7-4668-BE54-9A1E7A4F7556}") = "SoundSensor_Sample", "SoundSensor\Sample\SoundSensor_Sample\SoundSensor_Sample.csproj", "{B6E803D2-E212-47A7-B53B-5073ACF99E84}"
EndProject
Project("{2150E333-8FDC-42A3-9474-1A3956D46DE8}") = "LoudnessSensor", "LoudnessSensor", "{3345A0DB-E7F4-475D-B686-1D38B119BA3C}"
EndProject
Project("{2150E333-8FDC-42A3-9474-1A3956D46DE8}") = "Sample", "Sample", "{0A1B41C4-D56D-4133-878E-365A64A084D1}"
EndProject
Project("{9A19103F-16F7-4668-BE54-9A1E7A4F7556}") = "LoudnessSensor", "LoudnessSensor\Driver\LoudnessSensor.csproj", "{87493842-7D0C-472C-BB98-E86E84DD3B67}"
EndProject
Project("{9A19103F-16F7-4668-BE54-9A1E7A4F7556}") = "LoudnessSensor_Sample", "LoudnessSensor\Sample\LoudnessSensor_Sample\LoudnessSensor_Sample.csproj", "{5B487D8A-7154-46AA-A1F5-EC0A3AD66907}"
EndProject
Global
	GlobalSection(SolutionConfigurationPlatforms) = preSolution
		Debug|Any CPU = Debug|Any CPU
		Release|Any CPU = Release|Any CPU
	EndGlobalSection
	GlobalSection(ProjectConfigurationPlatforms) = postSolution
		{2F073B2F-9CAF-4471-B1E4-4FF3840EC529}.Debug|Any CPU.ActiveCfg = Debug|Any CPU
		{2F073B2F-9CAF-4471-B1E4-4FF3840EC529}.Debug|Any CPU.Build.0 = Debug|Any CPU
		{2F073B2F-9CAF-4471-B1E4-4FF3840EC529}.Debug|Any CPU.Deploy.0 = Debug|Any CPU
		{2F073B2F-9CAF-4471-B1E4-4FF3840EC529}.Release|Any CPU.ActiveCfg = Release|Any CPU
		{2F073B2F-9CAF-4471-B1E4-4FF3840EC529}.Release|Any CPU.Build.0 = Release|Any CPU
		{2F073B2F-9CAF-4471-B1E4-4FF3840EC529}.Release|Any CPU.Deploy.0 = Release|Any CPU
		{3133A8C8-9156-4DCC-B0A1-0A8F2211ACEA}.Debug|Any CPU.ActiveCfg = Debug|Any CPU
		{3133A8C8-9156-4DCC-B0A1-0A8F2211ACEA}.Debug|Any CPU.Build.0 = Debug|Any CPU
		{3133A8C8-9156-4DCC-B0A1-0A8F2211ACEA}.Debug|Any CPU.Deploy.0 = Debug|Any CPU
		{3133A8C8-9156-4DCC-B0A1-0A8F2211ACEA}.Release|Any CPU.ActiveCfg = Release|Any CPU
		{3133A8C8-9156-4DCC-B0A1-0A8F2211ACEA}.Release|Any CPU.Build.0 = Release|Any CPU
		{3133A8C8-9156-4DCC-B0A1-0A8F2211ACEA}.Release|Any CPU.Deploy.0 = Release|Any CPU
		{58A53307-A4B5-405A-A330-4AC7F41AA169}.Debug|Any CPU.ActiveCfg = Debug|Any CPU
		{58A53307-A4B5-405A-A330-4AC7F41AA169}.Debug|Any CPU.Build.0 = Debug|Any CPU
		{58A53307-A4B5-405A-A330-4AC7F41AA169}.Debug|Any CPU.Deploy.0 = Debug|Any CPU
		{58A53307-A4B5-405A-A330-4AC7F41AA169}.Release|Any CPU.ActiveCfg = Release|Any CPU
		{58A53307-A4B5-405A-A330-4AC7F41AA169}.Release|Any CPU.Build.0 = Release|Any CPU
		{58A53307-A4B5-405A-A330-4AC7F41AA169}.Release|Any CPU.Deploy.0 = Release|Any CPU
		{3A1FDDDC-0084-4F47-B0FF-B137601DE0B2}.Debug|Any CPU.ActiveCfg = Debug|Any CPU
		{3A1FDDDC-0084-4F47-B0FF-B137601DE0B2}.Debug|Any CPU.Build.0 = Debug|Any CPU
		{3A1FDDDC-0084-4F47-B0FF-B137601DE0B2}.Debug|Any CPU.Deploy.0 = Debug|Any CPU
		{3A1FDDDC-0084-4F47-B0FF-B137601DE0B2}.Release|Any CPU.ActiveCfg = Release|Any CPU
		{3A1FDDDC-0084-4F47-B0FF-B137601DE0B2}.Release|Any CPU.Build.0 = Release|Any CPU
		{3A1FDDDC-0084-4F47-B0FF-B137601DE0B2}.Release|Any CPU.Deploy.0 = Release|Any CPU
		{9D5DFC98-B05A-4583-99D7-B4ED46FE0312}.Debug|Any CPU.ActiveCfg = Debug|Any CPU
		{9D5DFC98-B05A-4583-99D7-B4ED46FE0312}.Debug|Any CPU.Build.0 = Debug|Any CPU
		{9D5DFC98-B05A-4583-99D7-B4ED46FE0312}.Debug|Any CPU.Deploy.0 = Debug|Any CPU
		{9D5DFC98-B05A-4583-99D7-B4ED46FE0312}.Release|Any CPU.ActiveCfg = Release|Any CPU
		{9D5DFC98-B05A-4583-99D7-B4ED46FE0312}.Release|Any CPU.Build.0 = Release|Any CPU
		{9D5DFC98-B05A-4583-99D7-B4ED46FE0312}.Release|Any CPU.Deploy.0 = Release|Any CPU
		{99DA7132-5410-47DA-A69E-194D278EBC4A}.Debug|Any CPU.ActiveCfg = Debug|Any CPU
		{99DA7132-5410-47DA-A69E-194D278EBC4A}.Debug|Any CPU.Build.0 = Debug|Any CPU
		{99DA7132-5410-47DA-A69E-194D278EBC4A}.Debug|Any CPU.Deploy.0 = Debug|Any CPU
		{99DA7132-5410-47DA-A69E-194D278EBC4A}.Release|Any CPU.ActiveCfg = Release|Any CPU
		{99DA7132-5410-47DA-A69E-194D278EBC4A}.Release|Any CPU.Build.0 = Release|Any CPU
		{99DA7132-5410-47DA-A69E-194D278EBC4A}.Release|Any CPU.Deploy.0 = Release|Any CPU
		{EE9307C5-1BD0-4902-B4F4-6D7D6DB06F75}.Debug|Any CPU.ActiveCfg = Debug|Any CPU
		{EE9307C5-1BD0-4902-B4F4-6D7D6DB06F75}.Debug|Any CPU.Build.0 = Debug|Any CPU
		{EE9307C5-1BD0-4902-B4F4-6D7D6DB06F75}.Debug|Any CPU.Deploy.0 = Debug|Any CPU
		{EE9307C5-1BD0-4902-B4F4-6D7D6DB06F75}.Release|Any CPU.ActiveCfg = Release|Any CPU
		{EE9307C5-1BD0-4902-B4F4-6D7D6DB06F75}.Release|Any CPU.Build.0 = Release|Any CPU
		{EE9307C5-1BD0-4902-B4F4-6D7D6DB06F75}.Release|Any CPU.Deploy.0 = Release|Any CPU
		{197A841A-F82E-4A00-AFA7-74A23DD59456}.Debug|Any CPU.ActiveCfg = Debug|Any CPU
		{197A841A-F82E-4A00-AFA7-74A23DD59456}.Debug|Any CPU.Build.0 = Debug|Any CPU
		{197A841A-F82E-4A00-AFA7-74A23DD59456}.Debug|Any CPU.Deploy.0 = Debug|Any CPU
		{197A841A-F82E-4A00-AFA7-74A23DD59456}.Release|Any CPU.ActiveCfg = Release|Any CPU
		{197A841A-F82E-4A00-AFA7-74A23DD59456}.Release|Any CPU.Build.0 = Release|Any CPU
		{197A841A-F82E-4A00-AFA7-74A23DD59456}.Release|Any CPU.Deploy.0 = Release|Any CPU
		{5EBFB78E-6A68-4B67-B724-A75846B86352}.Debug|Any CPU.ActiveCfg = Debug|Any CPU
		{5EBFB78E-6A68-4B67-B724-A75846B86352}.Debug|Any CPU.Build.0 = Debug|Any CPU
		{5EBFB78E-6A68-4B67-B724-A75846B86352}.Debug|Any CPU.Deploy.0 = Debug|Any CPU
		{5EBFB78E-6A68-4B67-B724-A75846B86352}.Release|Any CPU.ActiveCfg = Release|Any CPU
		{5EBFB78E-6A68-4B67-B724-A75846B86352}.Release|Any CPU.Build.0 = Release|Any CPU
		{5EBFB78E-6A68-4B67-B724-A75846B86352}.Release|Any CPU.Deploy.0 = Release|Any CPU
		{B2F091D8-DDC9-4E7C-91B2-680B57B61EBA}.Debug|Any CPU.ActiveCfg = Debug|Any CPU
		{B2F091D8-DDC9-4E7C-91B2-680B57B61EBA}.Debug|Any CPU.Build.0 = Debug|Any CPU
		{B2F091D8-DDC9-4E7C-91B2-680B57B61EBA}.Debug|Any CPU.Deploy.0 = Debug|Any CPU
		{B2F091D8-DDC9-4E7C-91B2-680B57B61EBA}.Release|Any CPU.ActiveCfg = Release|Any CPU
		{B2F091D8-DDC9-4E7C-91B2-680B57B61EBA}.Release|Any CPU.Build.0 = Release|Any CPU
		{B2F091D8-DDC9-4E7C-91B2-680B57B61EBA}.Release|Any CPU.Deploy.0 = Release|Any CPU
		{A52B793D-A739-49B8-BA00-38A43CC2B342}.Debug|Any CPU.ActiveCfg = Debug|Any CPU
		{A52B793D-A739-49B8-BA00-38A43CC2B342}.Debug|Any CPU.Build.0 = Debug|Any CPU
		{A52B793D-A739-49B8-BA00-38A43CC2B342}.Debug|Any CPU.Deploy.0 = Debug|Any CPU
		{A52B793D-A739-49B8-BA00-38A43CC2B342}.Release|Any CPU.ActiveCfg = Release|Any CPU
		{A52B793D-A739-49B8-BA00-38A43CC2B342}.Release|Any CPU.Build.0 = Release|Any CPU
		{A52B793D-A739-49B8-BA00-38A43CC2B342}.Release|Any CPU.Deploy.0 = Release|Any CPU
		{7C4423A4-1D06-43CA-9169-3679F691E996}.Debug|Any CPU.ActiveCfg = Debug|Any CPU
		{7C4423A4-1D06-43CA-9169-3679F691E996}.Debug|Any CPU.Build.0 = Debug|Any CPU
		{7C4423A4-1D06-43CA-9169-3679F691E996}.Debug|Any CPU.Deploy.0 = Debug|Any CPU
		{7C4423A4-1D06-43CA-9169-3679F691E996}.Release|Any CPU.ActiveCfg = Release|Any CPU
		{7C4423A4-1D06-43CA-9169-3679F691E996}.Release|Any CPU.Build.0 = Release|Any CPU
		{7C4423A4-1D06-43CA-9169-3679F691E996}.Release|Any CPU.Deploy.0 = Release|Any CPU
		{ED914412-9EC8-442F-9A4E-985259FA8BA0}.Debug|Any CPU.ActiveCfg = Debug|Any CPU
		{ED914412-9EC8-442F-9A4E-985259FA8BA0}.Debug|Any CPU.Build.0 = Debug|Any CPU
		{ED914412-9EC8-442F-9A4E-985259FA8BA0}.Debug|Any CPU.Deploy.0 = Debug|Any CPU
		{ED914412-9EC8-442F-9A4E-985259FA8BA0}.Release|Any CPU.ActiveCfg = Release|Any CPU
		{ED914412-9EC8-442F-9A4E-985259FA8BA0}.Release|Any CPU.Build.0 = Release|Any CPU
		{ED914412-9EC8-442F-9A4E-985259FA8BA0}.Release|Any CPU.Deploy.0 = Release|Any CPU
		{555A4478-7024-4C65-A5F5-788440C779DA}.Debug|Any CPU.ActiveCfg = Debug|Any CPU
		{555A4478-7024-4C65-A5F5-788440C779DA}.Debug|Any CPU.Build.0 = Debug|Any CPU
		{555A4478-7024-4C65-A5F5-788440C779DA}.Debug|Any CPU.Deploy.0 = Debug|Any CPU
		{555A4478-7024-4C65-A5F5-788440C779DA}.Release|Any CPU.ActiveCfg = Release|Any CPU
		{555A4478-7024-4C65-A5F5-788440C779DA}.Release|Any CPU.Build.0 = Release|Any CPU
		{555A4478-7024-4C65-A5F5-788440C779DA}.Release|Any CPU.Deploy.0 = Release|Any CPU
		{D276517F-BE61-4B84-9313-C9A76C98C8EB}.Debug|Any CPU.ActiveCfg = Debug|Any CPU
		{D276517F-BE61-4B84-9313-C9A76C98C8EB}.Debug|Any CPU.Build.0 = Debug|Any CPU
		{D276517F-BE61-4B84-9313-C9A76C98C8EB}.Release|Any CPU.ActiveCfg = Release|Any CPU
		{D276517F-BE61-4B84-9313-C9A76C98C8EB}.Release|Any CPU.Build.0 = Release|Any CPU
		{1777CE92-9B3A-4217-868C-7C1CF918AB97}.Debug|Any CPU.ActiveCfg = Debug|Any CPU
		{1777CE92-9B3A-4217-868C-7C1CF918AB97}.Debug|Any CPU.Build.0 = Debug|Any CPU
		{1777CE92-9B3A-4217-868C-7C1CF918AB97}.Release|Any CPU.ActiveCfg = Release|Any CPU
		{1777CE92-9B3A-4217-868C-7C1CF918AB97}.Release|Any CPU.Build.0 = Release|Any CPU
		{750C38EB-3410-4A74-8174-00E9D3C5EB6D}.Debug|Any CPU.ActiveCfg = Debug|Any CPU
		{750C38EB-3410-4A74-8174-00E9D3C5EB6D}.Debug|Any CPU.Build.0 = Debug|Any CPU
		{750C38EB-3410-4A74-8174-00E9D3C5EB6D}.Release|Any CPU.ActiveCfg = Release|Any CPU
		{750C38EB-3410-4A74-8174-00E9D3C5EB6D}.Release|Any CPU.Build.0 = Release|Any CPU
		{21F7FD8C-E6C9-494F-851F-7BEC1059AA22}.Debug|Any CPU.ActiveCfg = Debug|Any CPU
		{21F7FD8C-E6C9-494F-851F-7BEC1059AA22}.Debug|Any CPU.Build.0 = Debug|Any CPU
		{21F7FD8C-E6C9-494F-851F-7BEC1059AA22}.Release|Any CPU.ActiveCfg = Release|Any CPU
		{21F7FD8C-E6C9-494F-851F-7BEC1059AA22}.Release|Any CPU.Build.0 = Release|Any CPU
		{8391D204-E492-4A92-9551-C0BAD4F58834}.Debug|Any CPU.ActiveCfg = Debug|Any CPU
		{8391D204-E492-4A92-9551-C0BAD4F58834}.Debug|Any CPU.Build.0 = Debug|Any CPU
		{8391D204-E492-4A92-9551-C0BAD4F58834}.Release|Any CPU.ActiveCfg = Release|Any CPU
		{8391D204-E492-4A92-9551-C0BAD4F58834}.Release|Any CPU.Build.0 = Release|Any CPU
		{586D0374-7831-474F-B99B-475D36CBC311}.Debug|Any CPU.ActiveCfg = Debug|Any CPU
		{586D0374-7831-474F-B99B-475D36CBC311}.Debug|Any CPU.Build.0 = Debug|Any CPU
		{586D0374-7831-474F-B99B-475D36CBC311}.Debug|Any CPU.Deploy.0 = Debug|Any CPU
		{586D0374-7831-474F-B99B-475D36CBC311}.Release|Any CPU.ActiveCfg = Release|Any CPU
		{586D0374-7831-474F-B99B-475D36CBC311}.Release|Any CPU.Build.0 = Release|Any CPU
		{586D0374-7831-474F-B99B-475D36CBC311}.Release|Any CPU.Deploy.0 = Release|Any CPU
		{939CB3B0-1E0E-46E6-87DF-98A48897CEC6}.Debug|Any CPU.ActiveCfg = Debug|Any CPU
		{939CB3B0-1E0E-46E6-87DF-98A48897CEC6}.Debug|Any CPU.Build.0 = Debug|Any CPU
		{939CB3B0-1E0E-46E6-87DF-98A48897CEC6}.Debug|Any CPU.Deploy.0 = Debug|Any CPU
		{939CB3B0-1E0E-46E6-87DF-98A48897CEC6}.Release|Any CPU.ActiveCfg = Release|Any CPU
		{939CB3B0-1E0E-46E6-87DF-98A48897CEC6}.Release|Any CPU.Build.0 = Release|Any CPU
		{939CB3B0-1E0E-46E6-87DF-98A48897CEC6}.Release|Any CPU.Deploy.0 = Release|Any CPU
		{C94152D6-B0EC-431F-84DB-3816921B6743}.Debug|Any CPU.ActiveCfg = Debug|Any CPU
		{C94152D6-B0EC-431F-84DB-3816921B6743}.Debug|Any CPU.Build.0 = Debug|Any CPU
		{C94152D6-B0EC-431F-84DB-3816921B6743}.Debug|Any CPU.Deploy.0 = Debug|Any CPU
		{C94152D6-B0EC-431F-84DB-3816921B6743}.Release|Any CPU.ActiveCfg = Release|Any CPU
		{C94152D6-B0EC-431F-84DB-3816921B6743}.Release|Any CPU.Build.0 = Release|Any CPU
		{C94152D6-B0EC-431F-84DB-3816921B6743}.Release|Any CPU.Deploy.0 = Release|Any CPU
		{AE3CB3A1-933F-4910-BD0F-7B1584F424F4}.Debug|Any CPU.ActiveCfg = Debug|Any CPU
		{AE3CB3A1-933F-4910-BD0F-7B1584F424F4}.Debug|Any CPU.Build.0 = Debug|Any CPU
		{AE3CB3A1-933F-4910-BD0F-7B1584F424F4}.Debug|Any CPU.Deploy.0 = Debug|Any CPU
		{AE3CB3A1-933F-4910-BD0F-7B1584F424F4}.Release|Any CPU.ActiveCfg = Release|Any CPU
		{AE3CB3A1-933F-4910-BD0F-7B1584F424F4}.Release|Any CPU.Build.0 = Release|Any CPU
		{AE3CB3A1-933F-4910-BD0F-7B1584F424F4}.Release|Any CPU.Deploy.0 = Release|Any CPU
		{D7E62429-8162-4E34-8DFD-115CD80F6B83}.Debug|Any CPU.ActiveCfg = Debug|Any CPU
		{D7E62429-8162-4E34-8DFD-115CD80F6B83}.Debug|Any CPU.Build.0 = Debug|Any CPU
		{D7E62429-8162-4E34-8DFD-115CD80F6B83}.Debug|Any CPU.Deploy.0 = Debug|Any CPU
		{D7E62429-8162-4E34-8DFD-115CD80F6B83}.Release|Any CPU.ActiveCfg = Release|Any CPU
		{D7E62429-8162-4E34-8DFD-115CD80F6B83}.Release|Any CPU.Build.0 = Release|Any CPU
		{D7E62429-8162-4E34-8DFD-115CD80F6B83}.Release|Any CPU.Deploy.0 = Release|Any CPU
		{ADDC2104-BE50-475E-ADE9-4382B2F20348}.Debug|Any CPU.ActiveCfg = Debug|Any CPU
		{ADDC2104-BE50-475E-ADE9-4382B2F20348}.Debug|Any CPU.Build.0 = Debug|Any CPU
		{ADDC2104-BE50-475E-ADE9-4382B2F20348}.Debug|Any CPU.Deploy.0 = Debug|Any CPU
		{ADDC2104-BE50-475E-ADE9-4382B2F20348}.Release|Any CPU.ActiveCfg = Release|Any CPU
		{ADDC2104-BE50-475E-ADE9-4382B2F20348}.Release|Any CPU.Build.0 = Release|Any CPU
		{ADDC2104-BE50-475E-ADE9-4382B2F20348}.Release|Any CPU.Deploy.0 = Release|Any CPU
		{491E26AA-BDDF-44AD-AAB6-01C597C98B49}.Debug|Any CPU.ActiveCfg = Debug|Any CPU
		{491E26AA-BDDF-44AD-AAB6-01C597C98B49}.Debug|Any CPU.Build.0 = Debug|Any CPU
		{491E26AA-BDDF-44AD-AAB6-01C597C98B49}.Debug|Any CPU.Deploy.0 = Debug|Any CPU
		{491E26AA-BDDF-44AD-AAB6-01C597C98B49}.Release|Any CPU.ActiveCfg = Release|Any CPU
		{491E26AA-BDDF-44AD-AAB6-01C597C98B49}.Release|Any CPU.Build.0 = Release|Any CPU
		{491E26AA-BDDF-44AD-AAB6-01C597C98B49}.Release|Any CPU.Deploy.0 = Release|Any CPU
		{7691CAC5-7028-41B1-BB2E-58B0B90F0F76}.Debug|Any CPU.ActiveCfg = Debug|Any CPU
		{7691CAC5-7028-41B1-BB2E-58B0B90F0F76}.Debug|Any CPU.Build.0 = Debug|Any CPU
		{7691CAC5-7028-41B1-BB2E-58B0B90F0F76}.Debug|Any CPU.Deploy.0 = Debug|Any CPU
		{7691CAC5-7028-41B1-BB2E-58B0B90F0F76}.Release|Any CPU.ActiveCfg = Release|Any CPU
		{7691CAC5-7028-41B1-BB2E-58B0B90F0F76}.Release|Any CPU.Build.0 = Release|Any CPU
		{7691CAC5-7028-41B1-BB2E-58B0B90F0F76}.Release|Any CPU.Deploy.0 = Release|Any CPU
		{EE157154-245D-440F-A3E1-F32AB1871DF7}.Debug|Any CPU.ActiveCfg = Debug|Any CPU
		{EE157154-245D-440F-A3E1-F32AB1871DF7}.Debug|Any CPU.Build.0 = Debug|Any CPU
		{EE157154-245D-440F-A3E1-F32AB1871DF7}.Debug|Any CPU.Deploy.0 = Debug|Any CPU
		{EE157154-245D-440F-A3E1-F32AB1871DF7}.Release|Any CPU.ActiveCfg = Release|Any CPU
		{EE157154-245D-440F-A3E1-F32AB1871DF7}.Release|Any CPU.Build.0 = Release|Any CPU
		{EE157154-245D-440F-A3E1-F32AB1871DF7}.Release|Any CPU.Deploy.0 = Release|Any CPU
		{CDA2D6D7-0322-4438-8B07-8B9270B83A01}.Debug|Any CPU.ActiveCfg = Debug|Any CPU
		{CDA2D6D7-0322-4438-8B07-8B9270B83A01}.Debug|Any CPU.Build.0 = Debug|Any CPU
		{CDA2D6D7-0322-4438-8B07-8B9270B83A01}.Debug|Any CPU.Deploy.0 = Debug|Any CPU
		{CDA2D6D7-0322-4438-8B07-8B9270B83A01}.Release|Any CPU.ActiveCfg = Release|Any CPU
		{CDA2D6D7-0322-4438-8B07-8B9270B83A01}.Release|Any CPU.Build.0 = Release|Any CPU
		{CDA2D6D7-0322-4438-8B07-8B9270B83A01}.Release|Any CPU.Deploy.0 = Release|Any CPU
		{E3158A6C-B473-415D-85FF-C0AC76FA229A}.Debug|Any CPU.ActiveCfg = Debug|Any CPU
		{E3158A6C-B473-415D-85FF-C0AC76FA229A}.Debug|Any CPU.Build.0 = Debug|Any CPU
		{E3158A6C-B473-415D-85FF-C0AC76FA229A}.Debug|Any CPU.Deploy.0 = Debug|Any CPU
		{E3158A6C-B473-415D-85FF-C0AC76FA229A}.Release|Any CPU.ActiveCfg = Release|Any CPU
		{E3158A6C-B473-415D-85FF-C0AC76FA229A}.Release|Any CPU.Build.0 = Release|Any CPU
		{E3158A6C-B473-415D-85FF-C0AC76FA229A}.Release|Any CPU.Deploy.0 = Release|Any CPU
		{CBFF21F1-7C89-46A1-A8B6-D43BCAD9E0FC}.Debug|Any CPU.ActiveCfg = Debug|Any CPU
		{CBFF21F1-7C89-46A1-A8B6-D43BCAD9E0FC}.Debug|Any CPU.Build.0 = Debug|Any CPU
		{CBFF21F1-7C89-46A1-A8B6-D43BCAD9E0FC}.Debug|Any CPU.Deploy.0 = Debug|Any CPU
		{CBFF21F1-7C89-46A1-A8B6-D43BCAD9E0FC}.Release|Any CPU.ActiveCfg = Release|Any CPU
		{CBFF21F1-7C89-46A1-A8B6-D43BCAD9E0FC}.Release|Any CPU.Build.0 = Release|Any CPU
		{CBFF21F1-7C89-46A1-A8B6-D43BCAD9E0FC}.Release|Any CPU.Deploy.0 = Release|Any CPU
		{5D96E26A-696A-4584-AB9B-D1B7DF7C06AE}.Debug|Any CPU.ActiveCfg = Debug|Any CPU
		{5D96E26A-696A-4584-AB9B-D1B7DF7C06AE}.Debug|Any CPU.Build.0 = Debug|Any CPU
		{5D96E26A-696A-4584-AB9B-D1B7DF7C06AE}.Debug|Any CPU.Deploy.0 = Debug|Any CPU
		{5D96E26A-696A-4584-AB9B-D1B7DF7C06AE}.Release|Any CPU.ActiveCfg = Release|Any CPU
		{5D96E26A-696A-4584-AB9B-D1B7DF7C06AE}.Release|Any CPU.Build.0 = Release|Any CPU
		{5D96E26A-696A-4584-AB9B-D1B7DF7C06AE}.Release|Any CPU.Deploy.0 = Release|Any CPU
		{AF0E3E5A-96C8-410A-AEBA-216775301B88}.Debug|Any CPU.ActiveCfg = Debug|Any CPU
		{AF0E3E5A-96C8-410A-AEBA-216775301B88}.Debug|Any CPU.Build.0 = Debug|Any CPU
		{AF0E3E5A-96C8-410A-AEBA-216775301B88}.Debug|Any CPU.Deploy.0 = Debug|Any CPU
		{AF0E3E5A-96C8-410A-AEBA-216775301B88}.Release|Any CPU.ActiveCfg = Release|Any CPU
		{AF0E3E5A-96C8-410A-AEBA-216775301B88}.Release|Any CPU.Build.0 = Release|Any CPU
		{AF0E3E5A-96C8-410A-AEBA-216775301B88}.Release|Any CPU.Deploy.0 = Release|Any CPU
		{17656F77-A4FD-4492-AA38-721E47ED0C91}.Debug|Any CPU.ActiveCfg = Debug|Any CPU
		{17656F77-A4FD-4492-AA38-721E47ED0C91}.Debug|Any CPU.Build.0 = Debug|Any CPU
		{17656F77-A4FD-4492-AA38-721E47ED0C91}.Debug|Any CPU.Deploy.0 = Debug|Any CPU
		{17656F77-A4FD-4492-AA38-721E47ED0C91}.Release|Any CPU.ActiveCfg = Release|Any CPU
		{17656F77-A4FD-4492-AA38-721E47ED0C91}.Release|Any CPU.Build.0 = Release|Any CPU
		{17656F77-A4FD-4492-AA38-721E47ED0C91}.Release|Any CPU.Deploy.0 = Release|Any CPU
		{3EEBC099-B216-428E-A682-A11735DF5054}.Debug|Any CPU.ActiveCfg = Debug|Any CPU
		{3EEBC099-B216-428E-A682-A11735DF5054}.Debug|Any CPU.Build.0 = Debug|Any CPU
		{3EEBC099-B216-428E-A682-A11735DF5054}.Debug|Any CPU.Deploy.0 = Debug|Any CPU
		{3EEBC099-B216-428E-A682-A11735DF5054}.Release|Any CPU.ActiveCfg = Release|Any CPU
		{3EEBC099-B216-428E-A682-A11735DF5054}.Release|Any CPU.Build.0 = Release|Any CPU
		{3EEBC099-B216-428E-A682-A11735DF5054}.Release|Any CPU.Deploy.0 = Release|Any CPU
		{8950D452-1AA6-427E-92CF-40F0743A3328}.Debug|Any CPU.ActiveCfg = Debug|Any CPU
		{8950D452-1AA6-427E-92CF-40F0743A3328}.Debug|Any CPU.Build.0 = Debug|Any CPU
		{8950D452-1AA6-427E-92CF-40F0743A3328}.Debug|Any CPU.Deploy.0 = Debug|Any CPU
		{8950D452-1AA6-427E-92CF-40F0743A3328}.Release|Any CPU.ActiveCfg = Release|Any CPU
		{8950D452-1AA6-427E-92CF-40F0743A3328}.Release|Any CPU.Build.0 = Release|Any CPU
		{8950D452-1AA6-427E-92CF-40F0743A3328}.Release|Any CPU.Deploy.0 = Release|Any CPU
		{24CDAD4D-CE0C-4831-8E07-C1B395A50428}.Debug|Any CPU.ActiveCfg = Debug|Any CPU
		{24CDAD4D-CE0C-4831-8E07-C1B395A50428}.Debug|Any CPU.Build.0 = Debug|Any CPU
		{24CDAD4D-CE0C-4831-8E07-C1B395A50428}.Debug|Any CPU.Deploy.0 = Debug|Any CPU
		{24CDAD4D-CE0C-4831-8E07-C1B395A50428}.Release|Any CPU.ActiveCfg = Release|Any CPU
		{24CDAD4D-CE0C-4831-8E07-C1B395A50428}.Release|Any CPU.Build.0 = Release|Any CPU
		{24CDAD4D-CE0C-4831-8E07-C1B395A50428}.Release|Any CPU.Deploy.0 = Release|Any CPU
		{0C5FF65C-D7B2-41D2-A7F0-37D55B2F7318}.Debug|Any CPU.ActiveCfg = Debug|Any CPU
		{0C5FF65C-D7B2-41D2-A7F0-37D55B2F7318}.Debug|Any CPU.Build.0 = Debug|Any CPU
		{0C5FF65C-D7B2-41D2-A7F0-37D55B2F7318}.Debug|Any CPU.Deploy.0 = Debug|Any CPU
		{0C5FF65C-D7B2-41D2-A7F0-37D55B2F7318}.Release|Any CPU.ActiveCfg = Release|Any CPU
		{0C5FF65C-D7B2-41D2-A7F0-37D55B2F7318}.Release|Any CPU.Build.0 = Release|Any CPU
		{0C5FF65C-D7B2-41D2-A7F0-37D55B2F7318}.Release|Any CPU.Deploy.0 = Release|Any CPU
		{9924150A-131F-4EDA-928A-6D926BA9F219}.Debug|Any CPU.ActiveCfg = Debug|Any CPU
		{9924150A-131F-4EDA-928A-6D926BA9F219}.Debug|Any CPU.Build.0 = Debug|Any CPU
		{9924150A-131F-4EDA-928A-6D926BA9F219}.Debug|Any CPU.Deploy.0 = Debug|Any CPU
		{9924150A-131F-4EDA-928A-6D926BA9F219}.Release|Any CPU.ActiveCfg = Release|Any CPU
		{9924150A-131F-4EDA-928A-6D926BA9F219}.Release|Any CPU.Build.0 = Release|Any CPU
		{9924150A-131F-4EDA-928A-6D926BA9F219}.Release|Any CPU.Deploy.0 = Release|Any CPU
		{4B78B725-AAAF-4602-BCF1-4FADDBC7520E}.Debug|Any CPU.ActiveCfg = Debug|Any CPU
		{4B78B725-AAAF-4602-BCF1-4FADDBC7520E}.Debug|Any CPU.Build.0 = Debug|Any CPU
		{4B78B725-AAAF-4602-BCF1-4FADDBC7520E}.Debug|Any CPU.Deploy.0 = Debug|Any CPU
		{4B78B725-AAAF-4602-BCF1-4FADDBC7520E}.Release|Any CPU.ActiveCfg = Release|Any CPU
		{4B78B725-AAAF-4602-BCF1-4FADDBC7520E}.Release|Any CPU.Build.0 = Release|Any CPU
		{4B78B725-AAAF-4602-BCF1-4FADDBC7520E}.Release|Any CPU.Deploy.0 = Release|Any CPU
		{2BE9B3D7-D00F-4E54-835A-EF79C38B8360}.Debug|Any CPU.ActiveCfg = Debug|Any CPU
		{2BE9B3D7-D00F-4E54-835A-EF79C38B8360}.Debug|Any CPU.Build.0 = Debug|Any CPU
		{2BE9B3D7-D00F-4E54-835A-EF79C38B8360}.Debug|Any CPU.Deploy.0 = Debug|Any CPU
		{2BE9B3D7-D00F-4E54-835A-EF79C38B8360}.Release|Any CPU.ActiveCfg = Release|Any CPU
		{2BE9B3D7-D00F-4E54-835A-EF79C38B8360}.Release|Any CPU.Build.0 = Release|Any CPU
		{2BE9B3D7-D00F-4E54-835A-EF79C38B8360}.Release|Any CPU.Deploy.0 = Release|Any CPU
		{835156B7-BFD8-41EB-AA99-9DF284FE19E8}.Debug|Any CPU.ActiveCfg = Debug|Any CPU
		{835156B7-BFD8-41EB-AA99-9DF284FE19E8}.Debug|Any CPU.Build.0 = Debug|Any CPU
		{835156B7-BFD8-41EB-AA99-9DF284FE19E8}.Debug|Any CPU.Deploy.0 = Debug|Any CPU
		{835156B7-BFD8-41EB-AA99-9DF284FE19E8}.Release|Any CPU.ActiveCfg = Release|Any CPU
		{835156B7-BFD8-41EB-AA99-9DF284FE19E8}.Release|Any CPU.Build.0 = Release|Any CPU
		{835156B7-BFD8-41EB-AA99-9DF284FE19E8}.Release|Any CPU.Deploy.0 = Release|Any CPU
		{1A2723F2-9663-4146-ACDE-E9AAAD0A737F}.Debug|Any CPU.ActiveCfg = Debug|Any CPU
		{1A2723F2-9663-4146-ACDE-E9AAAD0A737F}.Debug|Any CPU.Build.0 = Debug|Any CPU
		{1A2723F2-9663-4146-ACDE-E9AAAD0A737F}.Debug|Any CPU.Deploy.0 = Debug|Any CPU
		{1A2723F2-9663-4146-ACDE-E9AAAD0A737F}.Release|Any CPU.ActiveCfg = Release|Any CPU
		{1A2723F2-9663-4146-ACDE-E9AAAD0A737F}.Release|Any CPU.Build.0 = Release|Any CPU
		{1A2723F2-9663-4146-ACDE-E9AAAD0A737F}.Release|Any CPU.Deploy.0 = Release|Any CPU
		{07508636-D888-46DB-8D58-A7DBB6D6E595}.Debug|Any CPU.ActiveCfg = Debug|Any CPU
		{07508636-D888-46DB-8D58-A7DBB6D6E595}.Debug|Any CPU.Build.0 = Debug|Any CPU
		{07508636-D888-46DB-8D58-A7DBB6D6E595}.Debug|Any CPU.Deploy.0 = Debug|Any CPU
		{07508636-D888-46DB-8D58-A7DBB6D6E595}.Release|Any CPU.ActiveCfg = Release|Any CPU
		{07508636-D888-46DB-8D58-A7DBB6D6E595}.Release|Any CPU.Build.0 = Release|Any CPU
		{07508636-D888-46DB-8D58-A7DBB6D6E595}.Release|Any CPU.Deploy.0 = Release|Any CPU
		{0FA0302E-F725-49F2-99DF-AE39F50EAAB1}.Debug|Any CPU.ActiveCfg = Debug|Any CPU
		{0FA0302E-F725-49F2-99DF-AE39F50EAAB1}.Debug|Any CPU.Build.0 = Debug|Any CPU
		{0FA0302E-F725-49F2-99DF-AE39F50EAAB1}.Debug|Any CPU.Deploy.0 = Debug|Any CPU
		{0FA0302E-F725-49F2-99DF-AE39F50EAAB1}.Release|Any CPU.ActiveCfg = Release|Any CPU
		{0FA0302E-F725-49F2-99DF-AE39F50EAAB1}.Release|Any CPU.Build.0 = Release|Any CPU
		{0FA0302E-F725-49F2-99DF-AE39F50EAAB1}.Release|Any CPU.Deploy.0 = Release|Any CPU
		{82180FC4-E6C0-41A2-A278-3E1DBA9C41DF}.Debug|Any CPU.ActiveCfg = Debug|Any CPU
		{82180FC4-E6C0-41A2-A278-3E1DBA9C41DF}.Debug|Any CPU.Build.0 = Debug|Any CPU
		{82180FC4-E6C0-41A2-A278-3E1DBA9C41DF}.Debug|Any CPU.Deploy.0 = Debug|Any CPU
		{82180FC4-E6C0-41A2-A278-3E1DBA9C41DF}.Release|Any CPU.ActiveCfg = Release|Any CPU
		{82180FC4-E6C0-41A2-A278-3E1DBA9C41DF}.Release|Any CPU.Build.0 = Release|Any CPU
		{82180FC4-E6C0-41A2-A278-3E1DBA9C41DF}.Release|Any CPU.Deploy.0 = Release|Any CPU
		{C48A33EB-6993-473D-AF5F-A5CDD8043FC5}.Debug|Any CPU.ActiveCfg = Debug|Any CPU
		{C48A33EB-6993-473D-AF5F-A5CDD8043FC5}.Debug|Any CPU.Build.0 = Debug|Any CPU
		{C48A33EB-6993-473D-AF5F-A5CDD8043FC5}.Debug|Any CPU.Deploy.0 = Debug|Any CPU
		{C48A33EB-6993-473D-AF5F-A5CDD8043FC5}.Release|Any CPU.ActiveCfg = Release|Any CPU
		{C48A33EB-6993-473D-AF5F-A5CDD8043FC5}.Release|Any CPU.Build.0 = Release|Any CPU
		{C48A33EB-6993-473D-AF5F-A5CDD8043FC5}.Release|Any CPU.Deploy.0 = Release|Any CPU
		{2D468186-4EA3-4FDD-909E-3F4FE8B76D52}.Debug|Any CPU.ActiveCfg = Debug|Any CPU
		{2D468186-4EA3-4FDD-909E-3F4FE8B76D52}.Debug|Any CPU.Build.0 = Debug|Any CPU
		{2D468186-4EA3-4FDD-909E-3F4FE8B76D52}.Debug|Any CPU.Deploy.0 = Debug|Any CPU
		{2D468186-4EA3-4FDD-909E-3F4FE8B76D52}.Release|Any CPU.ActiveCfg = Release|Any CPU
		{2D468186-4EA3-4FDD-909E-3F4FE8B76D52}.Release|Any CPU.Build.0 = Release|Any CPU
		{2D468186-4EA3-4FDD-909E-3F4FE8B76D52}.Release|Any CPU.Deploy.0 = Release|Any CPU
		{7F6DE089-84B2-4769-BBA1-28D1F7359985}.Debug|Any CPU.ActiveCfg = Debug|Any CPU
		{7F6DE089-84B2-4769-BBA1-28D1F7359985}.Debug|Any CPU.Build.0 = Debug|Any CPU
		{7F6DE089-84B2-4769-BBA1-28D1F7359985}.Debug|Any CPU.Deploy.0 = Debug|Any CPU
		{7F6DE089-84B2-4769-BBA1-28D1F7359985}.Release|Any CPU.ActiveCfg = Release|Any CPU
		{7F6DE089-84B2-4769-BBA1-28D1F7359985}.Release|Any CPU.Build.0 = Release|Any CPU
		{7F6DE089-84B2-4769-BBA1-28D1F7359985}.Release|Any CPU.Deploy.0 = Release|Any CPU
		{580D277A-7796-4BC4-8FCC-ECF11FEC3F19}.Debug|Any CPU.ActiveCfg = Debug|Any CPU
		{580D277A-7796-4BC4-8FCC-ECF11FEC3F19}.Debug|Any CPU.Build.0 = Debug|Any CPU
		{580D277A-7796-4BC4-8FCC-ECF11FEC3F19}.Debug|Any CPU.Deploy.0 = Debug|Any CPU
		{580D277A-7796-4BC4-8FCC-ECF11FEC3F19}.Release|Any CPU.ActiveCfg = Release|Any CPU
		{580D277A-7796-4BC4-8FCC-ECF11FEC3F19}.Release|Any CPU.Build.0 = Release|Any CPU
		{580D277A-7796-4BC4-8FCC-ECF11FEC3F19}.Release|Any CPU.Deploy.0 = Release|Any CPU
		{ADEC1D1F-458C-41B8-ADC6-E20BE24597EF}.Debug|Any CPU.ActiveCfg = Debug|Any CPU
		{ADEC1D1F-458C-41B8-ADC6-E20BE24597EF}.Debug|Any CPU.Build.0 = Debug|Any CPU
		{ADEC1D1F-458C-41B8-ADC6-E20BE24597EF}.Debug|Any CPU.Deploy.0 = Debug|Any CPU
		{ADEC1D1F-458C-41B8-ADC6-E20BE24597EF}.Release|Any CPU.ActiveCfg = Release|Any CPU
		{ADEC1D1F-458C-41B8-ADC6-E20BE24597EF}.Release|Any CPU.Build.0 = Release|Any CPU
		{ADEC1D1F-458C-41B8-ADC6-E20BE24597EF}.Release|Any CPU.Deploy.0 = Release|Any CPU
		{1E88DA6B-0B7F-47A8-8E8E-EF8B78C77A82}.Debug|Any CPU.ActiveCfg = Debug|Any CPU
		{1E88DA6B-0B7F-47A8-8E8E-EF8B78C77A82}.Debug|Any CPU.Build.0 = Debug|Any CPU
		{1E88DA6B-0B7F-47A8-8E8E-EF8B78C77A82}.Debug|Any CPU.Deploy.0 = Debug|Any CPU
		{1E88DA6B-0B7F-47A8-8E8E-EF8B78C77A82}.Release|Any CPU.ActiveCfg = Release|Any CPU
		{1E88DA6B-0B7F-47A8-8E8E-EF8B78C77A82}.Release|Any CPU.Build.0 = Release|Any CPU
		{1E88DA6B-0B7F-47A8-8E8E-EF8B78C77A82}.Release|Any CPU.Deploy.0 = Release|Any CPU
		{93ACA849-02C0-4CC4-9969-060561A43464}.Debug|Any CPU.ActiveCfg = Debug|Any CPU
		{93ACA849-02C0-4CC4-9969-060561A43464}.Debug|Any CPU.Build.0 = Debug|Any CPU
		{93ACA849-02C0-4CC4-9969-060561A43464}.Debug|Any CPU.Deploy.0 = Debug|Any CPU
		{93ACA849-02C0-4CC4-9969-060561A43464}.Release|Any CPU.ActiveCfg = Release|Any CPU
		{93ACA849-02C0-4CC4-9969-060561A43464}.Release|Any CPU.Build.0 = Release|Any CPU
		{93ACA849-02C0-4CC4-9969-060561A43464}.Release|Any CPU.Deploy.0 = Release|Any CPU
		{440852AE-A70E-457F-901E-5200465BAC33}.Debug|Any CPU.ActiveCfg = Debug|Any CPU
		{440852AE-A70E-457F-901E-5200465BAC33}.Debug|Any CPU.Build.0 = Debug|Any CPU
		{440852AE-A70E-457F-901E-5200465BAC33}.Debug|Any CPU.Deploy.0 = Debug|Any CPU
		{440852AE-A70E-457F-901E-5200465BAC33}.Release|Any CPU.ActiveCfg = Release|Any CPU
		{440852AE-A70E-457F-901E-5200465BAC33}.Release|Any CPU.Build.0 = Release|Any CPU
		{440852AE-A70E-457F-901E-5200465BAC33}.Release|Any CPU.Deploy.0 = Release|Any CPU
		{42C783E4-28C4-4FD8-9ED5-AC702C3E3591}.Debug|Any CPU.ActiveCfg = Debug|Any CPU
		{42C783E4-28C4-4FD8-9ED5-AC702C3E3591}.Debug|Any CPU.Build.0 = Debug|Any CPU
		{42C783E4-28C4-4FD8-9ED5-AC702C3E3591}.Debug|Any CPU.Deploy.0 = Debug|Any CPU
		{42C783E4-28C4-4FD8-9ED5-AC702C3E3591}.Release|Any CPU.ActiveCfg = Release|Any CPU
		{42C783E4-28C4-4FD8-9ED5-AC702C3E3591}.Release|Any CPU.Build.0 = Release|Any CPU
		{42C783E4-28C4-4FD8-9ED5-AC702C3E3591}.Release|Any CPU.Deploy.0 = Release|Any CPU
		{E72866C1-4329-456B-A50D-565EC220607B}.Debug|Any CPU.ActiveCfg = Debug|Any CPU
		{E72866C1-4329-456B-A50D-565EC220607B}.Debug|Any CPU.Build.0 = Debug|Any CPU
		{E72866C1-4329-456B-A50D-565EC220607B}.Debug|Any CPU.Deploy.0 = Debug|Any CPU
		{E72866C1-4329-456B-A50D-565EC220607B}.Release|Any CPU.ActiveCfg = Release|Any CPU
		{E72866C1-4329-456B-A50D-565EC220607B}.Release|Any CPU.Build.0 = Release|Any CPU
		{E72866C1-4329-456B-A50D-565EC220607B}.Release|Any CPU.Deploy.0 = Release|Any CPU
		{A70C5CEE-F12F-415D-BC8E-8FF687B6B880}.Debug|Any CPU.ActiveCfg = Debug|Any CPU
		{A70C5CEE-F12F-415D-BC8E-8FF687B6B880}.Debug|Any CPU.Build.0 = Debug|Any CPU
		{A70C5CEE-F12F-415D-BC8E-8FF687B6B880}.Debug|Any CPU.Deploy.0 = Debug|Any CPU
		{A70C5CEE-F12F-415D-BC8E-8FF687B6B880}.Release|Any CPU.ActiveCfg = Release|Any CPU
		{A70C5CEE-F12F-415D-BC8E-8FF687B6B880}.Release|Any CPU.Build.0 = Release|Any CPU
		{A70C5CEE-F12F-415D-BC8E-8FF687B6B880}.Release|Any CPU.Deploy.0 = Release|Any CPU
		{EE50C44E-7106-468A-85B4-3CD6FD2160F4}.Debug|Any CPU.ActiveCfg = Debug|Any CPU
		{EE50C44E-7106-468A-85B4-3CD6FD2160F4}.Debug|Any CPU.Build.0 = Debug|Any CPU
		{EE50C44E-7106-468A-85B4-3CD6FD2160F4}.Debug|Any CPU.Deploy.0 = Debug|Any CPU
		{EE50C44E-7106-468A-85B4-3CD6FD2160F4}.Release|Any CPU.ActiveCfg = Release|Any CPU
		{EE50C44E-7106-468A-85B4-3CD6FD2160F4}.Release|Any CPU.Build.0 = Release|Any CPU
		{EE50C44E-7106-468A-85B4-3CD6FD2160F4}.Release|Any CPU.Deploy.0 = Release|Any CPU
		{0BC7F784-FDEE-4B09-933C-ABBF2A44668E}.Debug|Any CPU.ActiveCfg = Debug|Any CPU
		{0BC7F784-FDEE-4B09-933C-ABBF2A44668E}.Debug|Any CPU.Build.0 = Debug|Any CPU
		{0BC7F784-FDEE-4B09-933C-ABBF2A44668E}.Debug|Any CPU.Deploy.0 = Debug|Any CPU
		{0BC7F784-FDEE-4B09-933C-ABBF2A44668E}.Release|Any CPU.ActiveCfg = Release|Any CPU
		{0BC7F784-FDEE-4B09-933C-ABBF2A44668E}.Release|Any CPU.Build.0 = Release|Any CPU
		{0BC7F784-FDEE-4B09-933C-ABBF2A44668E}.Release|Any CPU.Deploy.0 = Release|Any CPU
		{28C72DDC-4A9F-4FE0-93DC-AE37A7A1858B}.Debug|Any CPU.ActiveCfg = Debug|Any CPU
		{28C72DDC-4A9F-4FE0-93DC-AE37A7A1858B}.Debug|Any CPU.Build.0 = Debug|Any CPU
		{28C72DDC-4A9F-4FE0-93DC-AE37A7A1858B}.Debug|Any CPU.Deploy.0 = Debug|Any CPU
		{28C72DDC-4A9F-4FE0-93DC-AE37A7A1858B}.Release|Any CPU.ActiveCfg = Release|Any CPU
		{28C72DDC-4A9F-4FE0-93DC-AE37A7A1858B}.Release|Any CPU.Build.0 = Release|Any CPU
		{28C72DDC-4A9F-4FE0-93DC-AE37A7A1858B}.Release|Any CPU.Deploy.0 = Release|Any CPU
		{B6E803D2-E212-47A7-B53B-5073ACF99E84}.Debug|Any CPU.ActiveCfg = Debug|Any CPU
		{B6E803D2-E212-47A7-B53B-5073ACF99E84}.Debug|Any CPU.Build.0 = Debug|Any CPU
		{B6E803D2-E212-47A7-B53B-5073ACF99E84}.Debug|Any CPU.Deploy.0 = Debug|Any CPU
		{B6E803D2-E212-47A7-B53B-5073ACF99E84}.Release|Any CPU.ActiveCfg = Release|Any CPU
		{B6E803D2-E212-47A7-B53B-5073ACF99E84}.Release|Any CPU.Build.0 = Release|Any CPU
		{B6E803D2-E212-47A7-B53B-5073ACF99E84}.Release|Any CPU.Deploy.0 = Release|Any CPU
		{87493842-7D0C-472C-BB98-E86E84DD3B67}.Debug|Any CPU.ActiveCfg = Debug|Any CPU
		{87493842-7D0C-472C-BB98-E86E84DD3B67}.Debug|Any CPU.Build.0 = Debug|Any CPU
		{87493842-7D0C-472C-BB98-E86E84DD3B67}.Debug|Any CPU.Deploy.0 = Debug|Any CPU
		{87493842-7D0C-472C-BB98-E86E84DD3B67}.Release|Any CPU.ActiveCfg = Release|Any CPU
		{87493842-7D0C-472C-BB98-E86E84DD3B67}.Release|Any CPU.Build.0 = Release|Any CPU
		{87493842-7D0C-472C-BB98-E86E84DD3B67}.Release|Any CPU.Deploy.0 = Release|Any CPU
		{5B487D8A-7154-46AA-A1F5-EC0A3AD66907}.Debug|Any CPU.ActiveCfg = Debug|Any CPU
		{5B487D8A-7154-46AA-A1F5-EC0A3AD66907}.Debug|Any CPU.Build.0 = Debug|Any CPU
		{5B487D8A-7154-46AA-A1F5-EC0A3AD66907}.Debug|Any CPU.Deploy.0 = Debug|Any CPU
		{5B487D8A-7154-46AA-A1F5-EC0A3AD66907}.Release|Any CPU.ActiveCfg = Release|Any CPU
		{5B487D8A-7154-46AA-A1F5-EC0A3AD66907}.Release|Any CPU.Build.0 = Release|Any CPU
		{5B487D8A-7154-46AA-A1F5-EC0A3AD66907}.Release|Any CPU.Deploy.0 = Release|Any CPU
	EndGlobalSection
	GlobalSection(SolutionProperties) = preSolution
		HideSolutionNode = FALSE
	EndGlobalSection
	GlobalSection(NestedProjects) = preSolution
		{0903678C-0566-4FE4-AE85-5F4A1CE841EC} = {D7BFE95F-B28E-4550-BCE9-8638A383653A}
		{2F073B2F-9CAF-4471-B1E4-4FF3840EC529} = {D7BFE95F-B28E-4550-BCE9-8638A383653A}
		{3133A8C8-9156-4DCC-B0A1-0A8F2211ACEA} = {0903678C-0566-4FE4-AE85-5F4A1CE841EC}
		{F0E68FCF-A871-4F69-B6B1-AFB9E7236A85} = {A4EF6371-F3A4-447B-B1C3-E963AA74E123}
		{58A53307-A4B5-405A-A330-4AC7F41AA169} = {A4EF6371-F3A4-447B-B1C3-E963AA74E123}
		{3A1FDDDC-0084-4F47-B0FF-B137601DE0B2} = {F0E68FCF-A871-4F69-B6B1-AFB9E7236A85}
		{9D5DFC98-B05A-4583-99D7-B4ED46FE0312} = {8B360807-A285-4879-AF7B-9B5C510ED739}
		{73423442-14DB-479B-9EEE-6EE4F31235E6} = {8B360807-A285-4879-AF7B-9B5C510ED739}
		{99DA7132-5410-47DA-A69E-194D278EBC4A} = {73423442-14DB-479B-9EEE-6EE4F31235E6}
		{EE9307C5-1BD0-4902-B4F4-6D7D6DB06F75} = {01CC2E3E-0098-439D-A29B-2304612E400D}
		{9912D22E-F0F0-43C5-A66B-D183263DFD33} = {01CC2E3E-0098-439D-A29B-2304612E400D}
		{197A841A-F82E-4A00-AFA7-74A23DD59456} = {9912D22E-F0F0-43C5-A66B-D183263DFD33}
		{941E6E43-6251-4EC5-BFDD-957D401BF1D0} = {43D20CD2-F716-4408-B2D8-CAA137DBE746}
		{BB04808E-1238-4C19-BE3F-80E37A0E7A0F} = {FEE56BD7-5282-48AB-BEEC-17F88F7117AD}
		{1CA2490F-2D87-4E3B-8104-263E774FD652} = {4255C910-C82B-45D4-A052-13ECF741849B}
		{5EBFB78E-6A68-4B67-B724-A75846B86352} = {FEE56BD7-5282-48AB-BEEC-17F88F7117AD}
		{B2F091D8-DDC9-4E7C-91B2-680B57B61EBA} = {BB04808E-1238-4C19-BE3F-80E37A0E7A0F}
		{A52B793D-A739-49B8-BA00-38A43CC2B342} = {4255C910-C82B-45D4-A052-13ECF741849B}
		{7C4423A4-1D06-43CA-9169-3679F691E996} = {1CA2490F-2D87-4E3B-8104-263E774FD652}
		{ED914412-9EC8-442F-9A4E-985259FA8BA0} = {43D20CD2-F716-4408-B2D8-CAA137DBE746}
		{555A4478-7024-4C65-A5F5-788440C779DA} = {941E6E43-6251-4EC5-BFDD-957D401BF1D0}
		{D276517F-BE61-4B84-9313-C9A76C98C8EB} = {D1D4B655-966C-43E9-9F4D-FF728865AB65}
		{1777CE92-9B3A-4217-868C-7C1CF918AB97} = {D1D4B655-966C-43E9-9F4D-FF728865AB65}
		{750C38EB-3410-4A74-8174-00E9D3C5EB6D} = {D1D4B655-966C-43E9-9F4D-FF728865AB65}
		{21F7FD8C-E6C9-494F-851F-7BEC1059AA22} = {D1D4B655-966C-43E9-9F4D-FF728865AB65}
		{8391D204-E492-4A92-9551-C0BAD4F58834} = {D1D4B655-966C-43E9-9F4D-FF728865AB65}
		{27671542-AE52-4AAD-B4BA-82CECE2B0407} = {A81D96A0-835C-4817-9516-426FA06BDB79}
		{586D0374-7831-474F-B99B-475D36CBC311} = {A81D96A0-835C-4817-9516-426FA06BDB79}
		{939CB3B0-1E0E-46E6-87DF-98A48897CEC6} = {27671542-AE52-4AAD-B4BA-82CECE2B0407}
		{252C7CA4-9AB7-4EC5-B0A8-5BF0688B759B} = {FF7374D6-ACC6-47D9-A814-02CE93539962}
		{C94152D6-B0EC-431F-84DB-3816921B6743} = {FF7374D6-ACC6-47D9-A814-02CE93539962}
		{AE3CB3A1-933F-4910-BD0F-7B1584F424F4} = {252C7CA4-9AB7-4EC5-B0A8-5BF0688B759B}
		{118E36B2-EFC1-4D8A-B4E0-457139ED6DA5} = {357E200C-FFD0-4023-821C-7CD8CDF6D8F0}
		{D7E62429-8162-4E34-8DFD-115CD80F6B83} = {357E200C-FFD0-4023-821C-7CD8CDF6D8F0}
		{ADDC2104-BE50-475E-ADE9-4382B2F20348} = {118E36B2-EFC1-4D8A-B4E0-457139ED6DA5}
		{491E26AA-BDDF-44AD-AAB6-01C597C98B49} = {47BA0E73-7520-487E-B55C-E2084851D2F6}
		{0279C6DF-9B66-406C-AE00-BA9D2AF1E91D} = {47BA0E73-7520-487E-B55C-E2084851D2F6}
		{7691CAC5-7028-41B1-BB2E-58B0B90F0F76} = {0279C6DF-9B66-406C-AE00-BA9D2AF1E91D}
		{EE157154-245D-440F-A3E1-F32AB1871DF7} = {CB64D1DC-70D8-4FCF-A1AA-8C2DE7C38B4E}
		{6F61E52F-45D2-43DE-ACA8-3BDBCC9CAF0E} = {CB64D1DC-70D8-4FCF-A1AA-8C2DE7C38B4E}
		{CDA2D6D7-0322-4438-8B07-8B9270B83A01} = {6F61E52F-45D2-43DE-ACA8-3BDBCC9CAF0E}
		{6B564B69-F12A-4440-A97D-45DA184BCC2F} = {48722230-7E0A-42C2-B34D-7A4BF2B5FAB3}
		{E3158A6C-B473-415D-85FF-C0AC76FA229A} = {48722230-7E0A-42C2-B34D-7A4BF2B5FAB3}
		{CBFF21F1-7C89-46A1-A8B6-D43BCAD9E0FC} = {6B564B69-F12A-4440-A97D-45DA184BCC2F}
		{5D96E26A-696A-4584-AB9B-D1B7DF7C06AE} = {2D9063BD-3AA3-4E84-8672-FFEE10D536F4}
		{B565D449-1DBC-4C95-9D62-DB9D7300F792} = {2D9063BD-3AA3-4E84-8672-FFEE10D536F4}
		{AF0E3E5A-96C8-410A-AEBA-216775301B88} = {B565D449-1DBC-4C95-9D62-DB9D7300F792}
		{E082CDF8-AACA-4B4D-82C9-A3D364F504E7} = {2BFA2402-5AED-416D-A575-C31418D52903}
		{17656F77-A4FD-4492-AA38-721E47ED0C91} = {E082CDF8-AACA-4B4D-82C9-A3D364F504E7}
		{3EEBC099-B216-428E-A682-A11735DF5054} = {2BFA2402-5AED-416D-A575-C31418D52903}
		{2E4AE6FA-3C99-4A36-85FF-943746DB41A5} = {E55A9373-6A33-40FC-B834-542CFBB9C7B0}
		{8950D452-1AA6-427E-92CF-40F0743A3328} = {E55A9373-6A33-40FC-B834-542CFBB9C7B0}
		{24CDAD4D-CE0C-4831-8E07-C1B395A50428} = {2E4AE6FA-3C99-4A36-85FF-943746DB41A5}
		{141617E6-FF2E-446D-A691-C4D9613EE6A8} = {80E875F2-9F94-4B17-B7A7-AC4AF08C209B}
		{0C5FF65C-D7B2-41D2-A7F0-37D55B2F7318} = {80E875F2-9F94-4B17-B7A7-AC4AF08C209B}
		{9924150A-131F-4EDA-928A-6D926BA9F219} = {141617E6-FF2E-446D-A691-C4D9613EE6A8}
		{160011DA-983C-46C9-B1AA-FC9AF51C47D2} = {3201AB83-CF33-432C-9770-CA8AF6835BBF}
		{4B78B725-AAAF-4602-BCF1-4FADDBC7520E} = {3201AB83-CF33-432C-9770-CA8AF6835BBF}
		{2BE9B3D7-D00F-4E54-835A-EF79C38B8360} = {160011DA-983C-46C9-B1AA-FC9AF51C47D2}
		{835156B7-BFD8-41EB-AA99-9DF284FE19E8} = {D1D4B655-966C-43E9-9F4D-FF728865AB65}
		{AE0163A6-C273-468F-B150-8990A8ABB6C1} = {B394BF1D-D25C-47B8-9412-514215BA5F48}
		{1A2723F2-9663-4146-ACDE-E9AAAD0A737F} = {B394BF1D-D25C-47B8-9412-514215BA5F48}
		{07508636-D888-46DB-8D58-A7DBB6D6E595} = {AE0163A6-C273-468F-B150-8990A8ABB6C1}
		{0FA0302E-F725-49F2-99DF-AE39F50EAAB1} = {A152FEF1-967C-4AE2-B731-E29B5C355189}
		{B6567FE9-0F9C-48F4-8934-817E23AF1B3B} = {A152FEF1-967C-4AE2-B731-E29B5C355189}
		{82180FC4-E6C0-41A2-A278-3E1DBA9C41DF} = {B6567FE9-0F9C-48F4-8934-817E23AF1B3B}
		{80681C62-C467-46C3-AC5B-C68347C8562B} = {1F81FE22-7BDD-463D-8A24-129005AD4F74}
		{C48A33EB-6993-473D-AF5F-A5CDD8043FC5} = {1F81FE22-7BDD-463D-8A24-129005AD4F74}
		{2D468186-4EA3-4FDD-909E-3F4FE8B76D52} = {80681C62-C467-46C3-AC5B-C68347C8562B}
		{85D89416-3BB3-4AF3-982C-9F8ACBE309C3} = {77B7C74F-5269-432A-B9FA-DDD72F996DB5}
		{7F6DE089-84B2-4769-BBA1-28D1F7359985} = {77B7C74F-5269-432A-B9FA-DDD72F996DB5}
		{580D277A-7796-4BC4-8FCC-ECF11FEC3F19} = {85D89416-3BB3-4AF3-982C-9F8ACBE309C3}
		{ADEC1D1F-458C-41B8-ADC6-E20BE24597EF} = {D1D4B655-966C-43E9-9F4D-FF728865AB65}
		{D88EE102-6A9A-49E8-A5E3-35378E3773B4} = {D61D8815-2459-49D5-9CFA-FAC0DDAB0A6B}
		{1E88DA6B-0B7F-47A8-8E8E-EF8B78C77A82} = {D61D8815-2459-49D5-9CFA-FAC0DDAB0A6B}
		{93ACA849-02C0-4CC4-9969-060561A43464} = {D88EE102-6A9A-49E8-A5E3-35378E3773B4}
		{9B038085-59B5-4D77-A32A-75895373F802} = {1CB2B004-136D-4FBB-9BE5-9FC48C464EE5}
		{440852AE-A70E-457F-901E-5200465BAC33} = {1CB2B004-136D-4FBB-9BE5-9FC48C464EE5}
		{42C783E4-28C4-4FD8-9ED5-AC702C3E3591} = {9B038085-59B5-4D77-A32A-75895373F802}
		{752D356C-DB73-4A61-806D-ED72793308C9} = {4F83C76A-A7F9-4739-9817-26D712C04F81}
		{E72866C1-4329-456B-A50D-565EC220607B} = {4F83C76A-A7F9-4739-9817-26D712C04F81}
		{A70C5CEE-F12F-415D-BC8E-8FF687B6B880} = {752D356C-DB73-4A61-806D-ED72793308C9}
		{64E4A596-8C7B-4ABE-A7E0-0A4EBBE7DACC} = {7316BFC7-A4F3-4FDB-9B77-1725D5F1F2A2}
		{EE50C44E-7106-468A-85B4-3CD6FD2160F4} = {7316BFC7-A4F3-4FDB-9B77-1725D5F1F2A2}
		{0BC7F784-FDEE-4B09-933C-ABBF2A44668E} = {64E4A596-8C7B-4ABE-A7E0-0A4EBBE7DACC}
		{8026B030-D7C2-46E9-8E56-476065393E79} = {FFD35A38-C009-43FB-BC50-9DD62C192D58}
		{28C72DDC-4A9F-4FE0-93DC-AE37A7A1858B} = {FFD35A38-C009-43FB-BC50-9DD62C192D58}
		{B6E803D2-E212-47A7-B53B-5073ACF99E84} = {8026B030-D7C2-46E9-8E56-476065393E79}
		{0A1B41C4-D56D-4133-878E-365A64A084D1} = {3345A0DB-E7F4-475D-B686-1D38B119BA3C}
		{87493842-7D0C-472C-BB98-E86E84DD3B67} = {3345A0DB-E7F4-475D-B686-1D38B119BA3C}
		{5B487D8A-7154-46AA-A1F5-EC0A3AD66907} = {0A1B41C4-D56D-4133-878E-365A64A084D1}
	EndGlobalSection
	GlobalSection(ExtensibilityGlobals) = postSolution
		SolutionGuid = {803C75D4-CF94-4881-BC4C-7CBE9D272949}
	EndGlobalSection
EndGlobal
