
Microsoft Visual Studio Solution File, Format Version 12.00
# Visual Studio Version 17
VisualStudioVersion = 17.0.32014.148
MinimumVisualStudioVersion = 10.0.40219.1
Project("{2150E333-8FDC-42A3-9474-1A3956D46DE8}") = "Button", "Button", "{D7BFE95F-B28E-4550-BCE9-8638A383653A}"
EndProject
Project("{2150E333-8FDC-42A3-9474-1A3956D46DE8}") = "Sample", "Sample", "{0903678C-0566-4FE4-AE85-5F4A1CE841EC}"
EndProject
Project("{9A19103F-16F7-4668-BE54-9A1E7A4F7556}") = "Button", "Button\Driver\Button.csproj", "{2F073B2F-9CAF-4471-B1E4-4FF3840EC529}"
EndProject
Project("{9A19103F-16F7-4668-BE54-9A1E7A4F7556}") = "Button_Sample", "Button\Sample\Button_Sample\Button_Sample.csproj", "{3133A8C8-9156-4DCC-B0A1-0A8F2211ACEA}"
EndProject
Project("{2150E333-8FDC-42A3-9474-1A3956D46DE8}") = "Touch", "Touch", "{A4EF6371-F3A4-447B-B1C3-E963AA74E123}"
EndProject
Project("{2150E333-8FDC-42A3-9474-1A3956D46DE8}") = "Sample", "Sample", "{F0E68FCF-A871-4F69-B6B1-AFB9E7236A85}"
EndProject
Project("{9A19103F-16F7-4668-BE54-9A1E7A4F7556}") = "Touch", "Touch\Driver\Touch.csproj", "{58A53307-A4B5-405A-A330-4AC7F41AA169}"
EndProject
Project("{9A19103F-16F7-4668-BE54-9A1E7A4F7556}") = "Touch_Sample", "Touch\Sample\Touch_Sample\Touch_Sample.csproj", "{3A1FDDDC-0084-4F47-B0FF-B137601DE0B2}"
EndProject
Project("{2150E333-8FDC-42A3-9474-1A3956D46DE8}") = "4-DigitDisplay", "4-DigitDisplay", "{8B360807-A285-4879-AF7B-9B5C510ED739}"
EndProject
Project("{9A19103F-16F7-4668-BE54-9A1E7A4F7556}") = "4DigitDisplay", "4-DigitDisplay\Driver\4DigitDisplay.csproj", "{9D5DFC98-B05A-4583-99D7-B4ED46FE0312}"
EndProject
Project("{2150E333-8FDC-42A3-9474-1A3956D46DE8}") = "Sample", "Sample", "{73423442-14DB-479B-9EEE-6EE4F31235E6}"
EndProject
Project("{9A19103F-16F7-4668-BE54-9A1E7A4F7556}") = "4DigitDisplay_Sample", "4-DigitDisplay\Sample\4DigitDisplay_Sample\4DigitDisplay_Sample.csproj", "{99DA7132-5410-47DA-A69E-194D278EBC4A}"
EndProject
Project("{2150E333-8FDC-42A3-9474-1A3956D46DE8}") = "LEDSocket", "LEDSocket", "{01CC2E3E-0098-439D-A29B-2304612E400D}"
EndProject
Project("{9A19103F-16F7-4668-BE54-9A1E7A4F7556}") = "LEDSocket", "LEDSocket\Driver\LEDSocket.csproj", "{EE9307C5-1BD0-4902-B4F4-6D7D6DB06F75}"
EndProject
Project("{2150E333-8FDC-42A3-9474-1A3956D46DE8}") = "Sample", "Sample", "{9912D22E-F0F0-43C5-A66B-D183263DFD33}"
EndProject
Project("{9A19103F-16F7-4668-BE54-9A1E7A4F7556}") = "LEDSocket_Sample", "LEDSocket\Sample\LEDSocket_Sample\LEDSocket_Sample.csproj", "{197A841A-F82E-4A00-AFA7-74A23DD59456}"
EndProject
Global
	GlobalSection(SolutionConfigurationPlatforms) = preSolution
		Debug|Any CPU = Debug|Any CPU
		Release|Any CPU = Release|Any CPU
	EndGlobalSection
	GlobalSection(ProjectConfigurationPlatforms) = postSolution
		{2F073B2F-9CAF-4471-B1E4-4FF3840EC529}.Debug|Any CPU.ActiveCfg = Debug|Any CPU
		{2F073B2F-9CAF-4471-B1E4-4FF3840EC529}.Debug|Any CPU.Build.0 = Debug|Any CPU
		{2F073B2F-9CAF-4471-B1E4-4FF3840EC529}.Debug|Any CPU.Deploy.0 = Debug|Any CPU
		{2F073B2F-9CAF-4471-B1E4-4FF3840EC529}.Release|Any CPU.ActiveCfg = Release|Any CPU
		{2F073B2F-9CAF-4471-B1E4-4FF3840EC529}.Release|Any CPU.Build.0 = Release|Any CPU
		{2F073B2F-9CAF-4471-B1E4-4FF3840EC529}.Release|Any CPU.Deploy.0 = Release|Any CPU
		{3133A8C8-9156-4DCC-B0A1-0A8F2211ACEA}.Debug|Any CPU.ActiveCfg = Debug|Any CPU
		{3133A8C8-9156-4DCC-B0A1-0A8F2211ACEA}.Debug|Any CPU.Build.0 = Debug|Any CPU
		{3133A8C8-9156-4DCC-B0A1-0A8F2211ACEA}.Debug|Any CPU.Deploy.0 = Debug|Any CPU
		{3133A8C8-9156-4DCC-B0A1-0A8F2211ACEA}.Release|Any CPU.ActiveCfg = Release|Any CPU
		{3133A8C8-9156-4DCC-B0A1-0A8F2211ACEA}.Release|Any CPU.Build.0 = Release|Any CPU
		{3133A8C8-9156-4DCC-B0A1-0A8F2211ACEA}.Release|Any CPU.Deploy.0 = Release|Any CPU
		{58A53307-A4B5-405A-A330-4AC7F41AA169}.Debug|Any CPU.ActiveCfg = Debug|Any CPU
		{58A53307-A4B5-405A-A330-4AC7F41AA169}.Debug|Any CPU.Build.0 = Debug|Any CPU
		{58A53307-A4B5-405A-A330-4AC7F41AA169}.Debug|Any CPU.Deploy.0 = Debug|Any CPU
		{58A53307-A4B5-405A-A330-4AC7F41AA169}.Release|Any CPU.ActiveCfg = Release|Any CPU
		{58A53307-A4B5-405A-A330-4AC7F41AA169}.Release|Any CPU.Build.0 = Release|Any CPU
		{58A53307-A4B5-405A-A330-4AC7F41AA169}.Release|Any CPU.Deploy.0 = Release|Any CPU
		{3A1FDDDC-0084-4F47-B0FF-B137601DE0B2}.Debug|Any CPU.ActiveCfg = Debug|Any CPU
		{3A1FDDDC-0084-4F47-B0FF-B137601DE0B2}.Debug|Any CPU.Build.0 = Debug|Any CPU
		{3A1FDDDC-0084-4F47-B0FF-B137601DE0B2}.Debug|Any CPU.Deploy.0 = Debug|Any CPU
		{3A1FDDDC-0084-4F47-B0FF-B137601DE0B2}.Release|Any CPU.ActiveCfg = Release|Any CPU
		{3A1FDDDC-0084-4F47-B0FF-B137601DE0B2}.Release|Any CPU.Build.0 = Release|Any CPU
		{3A1FDDDC-0084-4F47-B0FF-B137601DE0B2}.Release|Any CPU.Deploy.0 = Release|Any CPU
		{9D5DFC98-B05A-4583-99D7-B4ED46FE0312}.Debug|Any CPU.ActiveCfg = Debug|Any CPU
		{9D5DFC98-B05A-4583-99D7-B4ED46FE0312}.Debug|Any CPU.Build.0 = Debug|Any CPU
		{9D5DFC98-B05A-4583-99D7-B4ED46FE0312}.Debug|Any CPU.Deploy.0 = Debug|Any CPU
		{9D5DFC98-B05A-4583-99D7-B4ED46FE0312}.Release|Any CPU.ActiveCfg = Release|Any CPU
		{9D5DFC98-B05A-4583-99D7-B4ED46FE0312}.Release|Any CPU.Build.0 = Release|Any CPU
		{9D5DFC98-B05A-4583-99D7-B4ED46FE0312}.Release|Any CPU.Deploy.0 = Release|Any CPU
		{99DA7132-5410-47DA-A69E-194D278EBC4A}.Debug|Any CPU.ActiveCfg = Debug|Any CPU
		{99DA7132-5410-47DA-A69E-194D278EBC4A}.Debug|Any CPU.Build.0 = Debug|Any CPU
		{99DA7132-5410-47DA-A69E-194D278EBC4A}.Debug|Any CPU.Deploy.0 = Debug|Any CPU
		{99DA7132-5410-47DA-A69E-194D278EBC4A}.Release|Any CPU.ActiveCfg = Release|Any CPU
		{99DA7132-5410-47DA-A69E-194D278EBC4A}.Release|Any CPU.Build.0 = Release|Any CPU
		{99DA7132-5410-47DA-A69E-194D278EBC4A}.Release|Any CPU.Deploy.0 = Release|Any CPU
		{EE9307C5-1BD0-4902-B4F4-6D7D6DB06F75}.Debug|Any CPU.ActiveCfg = Debug|Any CPU
		{EE9307C5-1BD0-4902-B4F4-6D7D6DB06F75}.Debug|Any CPU.Build.0 = Debug|Any CPU
		{EE9307C5-1BD0-4902-B4F4-6D7D6DB06F75}.Debug|Any CPU.Deploy.0 = Debug|Any CPU
		{EE9307C5-1BD0-4902-B4F4-6D7D6DB06F75}.Release|Any CPU.ActiveCfg = Release|Any CPU
		{EE9307C5-1BD0-4902-B4F4-6D7D6DB06F75}.Release|Any CPU.Build.0 = Release|Any CPU
		{EE9307C5-1BD0-4902-B4F4-6D7D6DB06F75}.Release|Any CPU.Deploy.0 = Release|Any CPU
		{197A841A-F82E-4A00-AFA7-74A23DD59456}.Debug|Any CPU.ActiveCfg = Debug|Any CPU
		{197A841A-F82E-4A00-AFA7-74A23DD59456}.Debug|Any CPU.Build.0 = Debug|Any CPU
		{197A841A-F82E-4A00-AFA7-74A23DD59456}.Debug|Any CPU.Deploy.0 = Debug|Any CPU
		{197A841A-F82E-4A00-AFA7-74A23DD59456}.Release|Any CPU.ActiveCfg = Release|Any CPU
		{197A841A-F82E-4A00-AFA7-74A23DD59456}.Release|Any CPU.Build.0 = Release|Any CPU
		{197A841A-F82E-4A00-AFA7-74A23DD59456}.Release|Any CPU.Deploy.0 = Release|Any CPU
	EndGlobalSection
	GlobalSection(SolutionProperties) = preSolution
		HideSolutionNode = FALSE
	EndGlobalSection
	GlobalSection(NestedProjects) = preSolution
		{0903678C-0566-4FE4-AE85-5F4A1CE841EC} = {D7BFE95F-B28E-4550-BCE9-8638A383653A}
		{2F073B2F-9CAF-4471-B1E4-4FF3840EC529} = {D7BFE95F-B28E-4550-BCE9-8638A383653A}
		{3133A8C8-9156-4DCC-B0A1-0A8F2211ACEA} = {0903678C-0566-4FE4-AE85-5F4A1CE841EC}
		{F0E68FCF-A871-4F69-B6B1-AFB9E7236A85} = {A4EF6371-F3A4-447B-B1C3-E963AA74E123}
		{58A53307-A4B5-405A-A330-4AC7F41AA169} = {A4EF6371-F3A4-447B-B1C3-E963AA74E123}
		{3A1FDDDC-0084-4F47-B0FF-B137601DE0B2} = {F0E68FCF-A871-4F69-B6B1-AFB9E7236A85}
		{9D5DFC98-B05A-4583-99D7-B4ED46FE0312} = {8B360807-A285-4879-AF7B-9B5C510ED739}
		{73423442-14DB-479B-9EEE-6EE4F31235E6} = {8B360807-A285-4879-AF7B-9B5C510ED739}
		{99DA7132-5410-47DA-A69E-194D278EBC4A} = {73423442-14DB-479B-9EEE-6EE4F31235E6}
		{EE9307C5-1BD0-4902-B4F4-6D7D6DB06F75} = {01CC2E3E-0098-439D-A29B-2304612E400D}
		{9912D22E-F0F0-43C5-A66B-D183263DFD33} = {01CC2E3E-0098-439D-A29B-2304612E400D}
		{197A841A-F82E-4A00-AFA7-74A23DD59456} = {9912D22E-F0F0-43C5-A66B-D183263DFD33}
	EndGlobalSection
	GlobalSection(ExtensibilityGlobals) = postSolution
		SolutionGuid = {803C75D4-CF94-4881-BC4C-7CBE9D272949}
	EndGlobalSection
EndGlobal
